// !$*UTF8*$!
{
	archiveVersion = 1;
	classes = {
	};
	objectVersion = 52;
	objects = {

/* Begin PBXBuildFile section */
		4D17A0182F0DA3D98412BA60 /* libPods-ChatSecureCorePods-ChatSecure.a in Frameworks */ = {isa = PBXBuildFile; fileRef = B9F54C7203BBEF36D2A9CAE7 /* libPods-ChatSecureCorePods-ChatSecure.a */; };
		6308D1451CA20762002F5F30 /* Pods-ChatSecureCorePods-ChatSecure-acknowledgements.plist in Resources */ = {isa = PBXBuildFile; fileRef = 6308D1441CA20762002F5F30 /* Pods-ChatSecureCorePods-ChatSecure-acknowledgements.plist */; };
		632157DD1E57D01A00738D4E /* SnapshotHelper.swift in Sources */ = {isa = PBXBuildFile; fileRef = 632157DC1E57D01A00738D4E /* SnapshotHelper.swift */; };
		6323C6FE1E39547200D0FB42 /* OTRImageTest.swift in Sources */ = {isa = PBXBuildFile; fileRef = 6323C6FD1E39547200D0FB42 /* OTRImageTest.swift */; };
		6323C7031E396D3D00D0FB42 /* landscape.jpg in Resources */ = {isa = PBXBuildFile; fileRef = 6323C7001E396D3D00D0FB42 /* landscape.jpg */; };
		6323C7041E396D3D00D0FB42 /* portrait.jpg in Resources */ = {isa = PBXBuildFile; fileRef = 6323C7011E396D3D00D0FB42 /* portrait.jpg */; };
		6323C7051E396D3D00D0FB42 /* small.jpg in Resources */ = {isa = PBXBuildFile; fileRef = 6323C7021E396D3D00D0FB42 /* small.jpg */; };
		632A2D341E2728B8000D3192 /* Localizable.strings in Resources */ = {isa = PBXBuildFile; fileRef = 633104D61A169EC800C17BAE /* Localizable.strings */; };
		6331072B1A16D1F200C17BAE /* DemoImages.xcassets in Resources */ = {isa = PBXBuildFile; fileRef = 633107291A16D1F200C17BAE /* DemoImages.xcassets */; };
		6331072C1A16D1F200C17BAE /* Images.xcassets in Resources */ = {isa = PBXBuildFile; fileRef = 6331072A1A16D1F200C17BAE /* Images.xcassets */; };
		635E51A91DA82A4E002B70AB /* OTROMEMOTestModule.swift in Sources */ = {isa = PBXBuildFile; fileRef = 635E51A81DA82A4E002B70AB /* OTROMEMOTestModule.swift */; };
		635E51AB1DA83AF0002B70AB /* OTRTestDatabase.swift in Sources */ = {isa = PBXBuildFile; fileRef = 635E51AA1DA83AF0002B70AB /* OTRTestDatabase.swift */; };
		635EF2021E276C410087BD72 /* Localizable.strings in Resources */ = {isa = PBXBuildFile; fileRef = 633104D61A169EC800C17BAE /* Localizable.strings */; };
		635FCC841D1B5116008F903C /* OTRStringTests.swift in Sources */ = {isa = PBXBuildFile; fileRef = 635FCC831D1B5116008F903C /* OTRStringTests.swift */; };
		635FCC871D1B57ED008F903C /* OTRURLTests.m in Sources */ = {isa = PBXBuildFile; fileRef = 636C63201B571B56008FEE69 /* OTRURLTests.m */; };
		63634CE91DA704AA00B0BAE8 /* OTROMEMOIntegrationTest.swift in Sources */ = {isa = PBXBuildFile; fileRef = 63634CE81DA704AA00B0BAE8 /* OTROMEMOIntegrationTest.swift */; };
		6365CEFF1E2453F6009E213F /* ChatSecureUITests.swift in Sources */ = {isa = PBXBuildFile; fileRef = 6365CEFE1E2453F6009E213F /* ChatSecureUITests.swift */; };
		636767E91D83562700432B48 /* TestXMPPAccount.swift in Sources */ = {isa = PBXBuildFile; fileRef = 636767E81D83562700432B48 /* TestXMPPAccount.swift */; };
		636DE07E1E5E476200D8D868 /* portrait-orientation.jpg in Resources */ = {isa = PBXBuildFile; fileRef = 636DE07D1E5E476200D8D868 /* portrait-orientation.jpg */; };
		639120931D8CA1E200F4100E /* OTROmemoStorageTest.swift in Sources */ = {isa = PBXBuildFile; fileRef = 639120921D8CA1E200F4100E /* OTROmemoStorageTest.swift */; };
		63917C3E1DFA20D900341D96 /* OTRModelTest.swift in Sources */ = {isa = PBXBuildFile; fileRef = 63917C3D1DFA20D900341D96 /* OTRModelTest.swift */; };
		63B578641D51600300D80ED3 /* OTRSignalTest.swift in Sources */ = {isa = PBXBuildFile; fileRef = 63B578631D51600300D80ED3 /* OTRSignalTest.swift */; };
		63DDD8B51A9E94B700C0A918 /* OTRMediaTests.m in Sources */ = {isa = PBXBuildFile; fileRef = 63DDD8B41A9E94B700C0A918 /* OTRMediaTests.m */; };
		63DDD8BA1A9E9BD900C0A918 /* samples in Resources */ = {isa = PBXBuildFile; fileRef = 63DDD8B91A9E9BD900C0A918 /* samples */; };
		63E353B21BB9D0CF005C54C3 /* PushSerializerTest.swift in Sources */ = {isa = PBXBuildFile; fileRef = 63E353B11BB9D0CF005C54C3 /* PushSerializerTest.swift */; };
		63F0CAFB1E60C1B40045359C /* OTRYapViewTest.swift in Sources */ = {isa = PBXBuildFile; fileRef = 63F0CAFA1E60C1B40045359C /* OTRYapViewTest.swift */; };
		63F614DC1BB214660083A06A /* ChatSecureModelTest.swift in Sources */ = {isa = PBXBuildFile; fileRef = 63F614DB1BB214660083A06A /* ChatSecureModelTest.swift */; };
		8F56C3272EBE7F45BC8F925A /* OTRMessagesLoadingView.xib in Resources */ = {isa = PBXBuildFile; fileRef = 8F56C50436DA64774EBB16E3 /* OTRMessagesLoadingView.xib */; };
		9224A5F3207E3BD800A044BF /* JoinRoomView.xib in Resources */ = {isa = PBXBuildFile; fileRef = 9224A5F2207E3BD800A044BF /* JoinRoomView.xib */; };
		924F67C51EA5541C00528FB6 /* MigrationInfoHeaderView.xib in Resources */ = {isa = PBXBuildFile; fileRef = 924F67C41EA5541C00528FB6 /* MigrationInfoHeaderView.xib */; };
		924F68591EA7A31A00528FB6 /* MigratedBuddyHeaderView.xib in Resources */ = {isa = PBXBuildFile; fileRef = 924F68581EA7A31A00528FB6 /* MigratedBuddyHeaderView.xib */; };
		9251C3051F345DD5003ACE4A /* OTRRoomOccupants.storyboard in Resources */ = {isa = PBXBuildFile; fileRef = 9251C3041F345DD5003ACE4A /* OTRRoomOccupants.storyboard */; };
		9251C34E1F35CC44003ACE4A /* ios-icon-font.ttf in Resources */ = {isa = PBXBuildFile; fileRef = 9251C34C1F35CC44003ACE4A /* ios-icon-font.ttf */; };
		9251C34F1F35CC44003ACE4A /* MaterialIcons-Regular.ttf in Resources */ = {isa = PBXBuildFile; fileRef = 9251C34D1F35CC44003ACE4A /* MaterialIcons-Regular.ttf */; };
		92CC68BF1F42F0710006CDF8 /* OTRComposeGroup.storyboard in Resources */ = {isa = PBXBuildFile; fileRef = 92CC68BE1F42F0710006CDF8 /* OTRComposeGroup.storyboard */; };
		D91F9EFE1ED645F100AEA62C /* FileTransferIntegrationTests.swift in Sources */ = {isa = PBXBuildFile; fileRef = D91F9EFD1ED645F100AEA62C /* FileTransferIntegrationTests.swift */; };
		D9315CAE1BB600450077D2EE /* AddFriendsView.xib in Resources */ = {isa = PBXBuildFile; fileRef = D9315CAD1BB600450077D2EE /* AddFriendsView.xib */; };
		D9365E7A1A1EB0050006434A /* torrc in Resources */ = {isa = PBXBuildFile; fileRef = D9365E791A1EB0050006434A /* torrc */; };
		D936D6CB1E8B1B34003B1343 /* FileTransferTests.swift in Sources */ = {isa = PBXBuildFile; fileRef = D936D6CA1E8B1B34003B1343 /* FileTransferTests.swift */; };
		D93E50671FC3E9B400E0E624 /* OTRResources.bundle in Resources */ = {isa = PBXBuildFile; fileRef = D93027561BAA381F000CC975 /* OTRResources.bundle */; };
		D93EFA8123596BCA007474EC /* OTRComposeGroupBuddyCell.xib in Resources */ = {isa = PBXBuildFile; fileRef = D93EFA7723596BC9007474EC /* OTRComposeGroupBuddyCell.xib */; };
		D93EFA8223596BCA007474EC /* XMPPAccountCell.xib in Resources */ = {isa = PBXBuildFile; fileRef = D93EFA7823596BC9007474EC /* XMPPAccountCell.xib */; };
		D93EFA8323596BCA007474EC /* OTRMessageUnknownSenderCell.xib in Resources */ = {isa = PBXBuildFile; fileRef = D93EFA7923596BC9007474EC /* OTRMessageUnknownSenderCell.xib */; };
		D93EFA8423596BCA007474EC /* OMEMODeviceFingerprintCell.xib in Resources */ = {isa = PBXBuildFile; fileRef = D93EFA7A23596BC9007474EC /* OMEMODeviceFingerprintCell.xib */; };
		D93EFA8523596BCA007474EC /* PushAccountTableViewCell.xib in Resources */ = {isa = PBXBuildFile; fileRef = D93EFA7B23596BC9007474EC /* PushAccountTableViewCell.xib */; };
		D93EFA8623596BCA007474EC /* ServerCapabilityTableViewCell.xib in Resources */ = {isa = PBXBuildFile; fileRef = D93EFA7C23596BC9007474EC /* ServerCapabilityTableViewCell.xib */; };
		D93EFA8723596BCA007474EC /* TwoButtonTableViewCell.xib in Resources */ = {isa = PBXBuildFile; fileRef = D93EFA7D23596BCA007474EC /* TwoButtonTableViewCell.xib */; };
		D93EFA8823596BCA007474EC /* UserInfoProfileCell.xib in Resources */ = {isa = PBXBuildFile; fileRef = D93EFA7E23596BCA007474EC /* UserInfoProfileCell.xib */; };
		D93EFA8923596BCA007474EC /* OTRMessageNewDeviceCell.xib in Resources */ = {isa = PBXBuildFile; fileRef = D93EFA7F23596BCA007474EC /* OTRMessageNewDeviceCell.xib */; };
		D93EFA8A23596BCA007474EC /* SingleButtonTableViewCell.xib in Resources */ = {isa = PBXBuildFile; fileRef = D93EFA8023596BCA007474EC /* SingleButtonTableViewCell.xib */; };
		D93EFA8E235971E2007474EC /* Purchase.storyboard in Resources */ = {isa = PBXBuildFile; fileRef = D93EFA8D235971E2007474EC /* Purchase.storyboard */; };
		D95AD2291B684AE1007DEBC3 /* xmpp-server-list in Resources */ = {isa = PBXBuildFile; fileRef = D95AD2281B684AE1007DEBC3 /* xmpp-server-list */; };
		D97070921EEF382D004FEBDE /* MediaDownloadView.xib in Resources */ = {isa = PBXBuildFile; fileRef = D97070911EEF382D004FEBDE /* MediaDownloadView.xib */; };
		D985BC7A1EBD32F700993D27 /* StoreKit.framework in Frameworks */ = {isa = PBXBuildFile; fileRef = D985BC791EBD32F700993D27 /* StoreKit.framework */; };
		D98BA36C1EDE47BB004475B6 /* HTMLPreviewView.xib in Resources */ = {isa = PBXBuildFile; fileRef = D98BA36B1EDE47BB004475B6 /* HTMLPreviewView.xib */; };
		D99F17861BAB932800604558 /* OTRImages.xcassets in Resources */ = {isa = PBXBuildFile; fileRef = D9AE3A231BA8D02800255537 /* OTRImages.xcassets */; };
		D99F17871BAB932C00604558 /* OTRCountryImages.xcassets in Resources */ = {isa = PBXBuildFile; fileRef = D9AE3A221BA8D02800255537 /* OTRCountryImages.xcassets */; };
		D99F17881BAB936100604558 /* Localizable.strings in Resources */ = {isa = PBXBuildFile; fileRef = 633104D61A169EC800C17BAE /* Localizable.strings */; };
		D99F178A1BAB946800604558 /* Branding.plist in Resources */ = {isa = PBXBuildFile; fileRef = D99F17891BAB946800604558 /* Branding.plist */; };
		D99F178C1BAB947E00604558 /* Secrets.plist in Resources */ = {isa = PBXBuildFile; fileRef = D99F178B1BAB947E00604558 /* Secrets.plist */; };
		D99F17911BABA84600604558 /* XMPPServerInfoCell.xib in Resources */ = {isa = PBXBuildFile; fileRef = D9BE65451B6A08ED002D4136 /* XMPPServerInfoCell.xib */; };
		D99F17921BABA84600604558 /* OTRUsernameCell.xib in Resources */ = {isa = PBXBuildFile; fileRef = D9C6E69D1B7148EF00572273 /* OTRUsernameCell.xib */; };
		D99F17931BABA85D00604558 /* Onboarding.storyboard in Resources */ = {isa = PBXBuildFile; fileRef = D913A56C1B747B62006C5ACD /* Onboarding.storyboard */; };
		D9B3EC221FA196CE00E63C7F /* AppDelegate.swift in Sources */ = {isa = PBXBuildFile; fileRef = D9B3EC211FA196CE00E63C7F /* AppDelegate.swift */; };
		D9DEC34A1FABC9F900BF1F7C /* Settings.bundle in Resources */ = {isa = PBXBuildFile; fileRef = D9DEC3491FABC9F900BF1F7C /* Settings.bundle */; };
		D9ECD08F2344626800ECE5F9 /* LaunchScreen.storyboard in Resources */ = {isa = PBXBuildFile; fileRef = D9ECD08E2344626800ECE5F9 /* LaunchScreen.storyboard */; };
		DB6ED7303C69215971C9934B /* libPods-ChatSecureCorePods-ChatSecureTests.a in Frameworks */ = {isa = PBXBuildFile; fileRef = 825F80066EC1363ED873BFC5 /* libPods-ChatSecureCorePods-ChatSecureTests.a */; };
/* End PBXBuildFile section */

/* Begin PBXContainerItemProxy section */
		6365CF011E2453F6009E213F /* PBXContainerItemProxy */ = {
			isa = PBXContainerItemProxy;
			containerPortal = 6396AF921A169D54009F3E6C /* Project object */;
			proxyType = 1;
			remoteGlobalIDString = 6396AF991A169D54009F3E6C;
			remoteInfo = ChatSecure;
		};
		6396AFB41A169D54009F3E6C /* PBXContainerItemProxy */ = {
			isa = PBXContainerItemProxy;
			containerPortal = 6396AF921A169D54009F3E6C /* Project object */;
			proxyType = 1;
			remoteGlobalIDString = 6396AF991A169D54009F3E6C;
			remoteInfo = ChatSecure;
		};
		D99F178F1BAB9CD400604558 /* PBXContainerItemProxy */ = {
			isa = PBXContainerItemProxy;
			containerPortal = 6396AF921A169D54009F3E6C /* Project object */;
			proxyType = 1;
			remoteGlobalIDString = D93027551BAA381F000CC975;
			remoteInfo = OTRResources;
		};
/* End PBXContainerItemProxy section */

/* Begin PBXCopyFilesBuildPhase section */
		D9227C481BA7952100B5E1D0 /* Embed Frameworks */ = {
			isa = PBXCopyFilesBuildPhase;
			buildActionMask = 2147483647;
			dstPath = "";
			dstSubfolderSpec = 10;
			files = (
			);
			name = "Embed Frameworks";
			runOnlyForDeploymentPostprocessing = 0;
		};
/* End PBXCopyFilesBuildPhase section */

/* Begin PBXFileReference section */
		46AAC6968EC686E61C8E8EA4 /* Pods_ChatSecureCore.framework */ = {isa = PBXFileReference; explicitFileType = wrapper.framework; includeInIndex = 0; path = Pods_ChatSecureCore.framework; sourceTree = BUILT_PRODUCTS_DIR; };
		6308D1441CA20762002F5F30 /* Pods-ChatSecureCorePods-ChatSecure-acknowledgements.plist */ = {isa = PBXFileReference; lastKnownFileType = text.plist.xml; name = "Pods-ChatSecureCorePods-ChatSecure-acknowledgements.plist"; path = "Pods/Target Support Files/Pods-ChatSecureCorePods-ChatSecure/Pods-ChatSecureCorePods-ChatSecure-acknowledgements.plist"; sourceTree = "<group>"; };
		632157DC1E57D01A00738D4E /* SnapshotHelper.swift */ = {isa = PBXFileReference; fileEncoding = 4; lastKnownFileType = sourcecode.swift; name = SnapshotHelper.swift; path = fastlane/SnapshotHelper.swift; sourceTree = SOURCE_ROOT; };
		6323C6FD1E39547200D0FB42 /* OTRImageTest.swift */ = {isa = PBXFileReference; fileEncoding = 4; lastKnownFileType = sourcecode.swift; path = OTRImageTest.swift; sourceTree = "<group>"; };
		6323C7001E396D3D00D0FB42 /* landscape.jpg */ = {isa = PBXFileReference; lastKnownFileType = image.jpeg; name = landscape.jpg; path = TestImages/landscape.jpg; sourceTree = "<group>"; };
		6323C7011E396D3D00D0FB42 /* portrait.jpg */ = {isa = PBXFileReference; lastKnownFileType = image.jpeg; name = portrait.jpg; path = TestImages/portrait.jpg; sourceTree = "<group>"; };
		6323C7021E396D3D00D0FB42 /* small.jpg */ = {isa = PBXFileReference; lastKnownFileType = image.jpeg; name = small.jpg; path = TestImages/small.jpg; sourceTree = "<group>"; };
		633104D51A169EC800C17BAE /* Base */ = {isa = PBXFileReference; lastKnownFileType = text.plist.strings; name = Base; path = Base.lproj/Localizable.strings; sourceTree = "<group>"; };
		633104D81A169F0E00C17BAE /* de */ = {isa = PBXFileReference; lastKnownFileType = text.plist.strings; name = de; path = de.lproj/Localizable.strings; sourceTree = "<group>"; };
		633104DA1A169FF900C17BAE /* ar */ = {isa = PBXFileReference; lastKnownFileType = text.plist.strings; name = ar; path = ar.lproj/Localizable.strings; sourceTree = "<group>"; };
		633104DB1A16A00800C17BAE /* bo */ = {isa = PBXFileReference; lastKnownFileType = text.plist.strings; name = bo; path = bo.lproj/Localizable.strings; sourceTree = "<group>"; };
		633104DC1A16A01D00C17BAE /* ca */ = {isa = PBXFileReference; lastKnownFileType = text.plist.strings; name = ca; path = ca.lproj/Localizable.strings; sourceTree = "<group>"; };
		633104DD1A16A03100C17BAE /* da-DK */ = {isa = PBXFileReference; lastKnownFileType = text.plist.strings; name = "da-DK"; path = "da-DK.lproj/Localizable.strings"; sourceTree = "<group>"; };
		633104DE1A16A04000C17BAE /* el */ = {isa = PBXFileReference; lastKnownFileType = text.plist.strings; name = el; path = el.lproj/Localizable.strings; sourceTree = "<group>"; };
		633104DF1A16A04B00C17BAE /* es */ = {isa = PBXFileReference; lastKnownFileType = text.plist.strings; name = es; path = es.lproj/Localizable.strings; sourceTree = "<group>"; };
		633104E01A16A07400C17BAE /* fa-IR */ = {isa = PBXFileReference; lastKnownFileType = text.plist.strings; name = "fa-IR"; path = "fa-IR.lproj/Localizable.strings"; sourceTree = "<group>"; };
		633104E11A16A07C00C17BAE /* fr */ = {isa = PBXFileReference; lastKnownFileType = text.plist.strings; name = fr; path = fr.lproj/Localizable.strings; sourceTree = "<group>"; };
		633104E21A16A08B00C17BAE /* he */ = {isa = PBXFileReference; lastKnownFileType = text.plist.strings; name = he; path = he.lproj/Localizable.strings; sourceTree = "<group>"; };
		633104E31A16A09600C17BAE /* hu */ = {isa = PBXFileReference; lastKnownFileType = text.plist.strings; name = hu; path = hu.lproj/Localizable.strings; sourceTree = "<group>"; };
		633104E41A16A0B500C17BAE /* id */ = {isa = PBXFileReference; lastKnownFileType = text.plist.strings; name = id; path = id.lproj/Localizable.strings; sourceTree = "<group>"; };
		633104E51A16A0C200C17BAE /* it */ = {isa = PBXFileReference; lastKnownFileType = text.plist.strings; name = it; path = it.lproj/Localizable.strings; sourceTree = "<group>"; };
		633104E61A16A0C800C17BAE /* ja */ = {isa = PBXFileReference; lastKnownFileType = text.plist.strings; name = ja; path = ja.lproj/Localizable.strings; sourceTree = "<group>"; };
		633104E71A16A0DD00C17BAE /* nl-NL */ = {isa = PBXFileReference; lastKnownFileType = text.plist.strings; name = "nl-NL"; path = "nl-NL.lproj/Localizable.strings"; sourceTree = "<group>"; };
		633104E81A16A19A00C17BAE /* pl */ = {isa = PBXFileReference; lastKnownFileType = text.plist.strings; name = pl; path = pl.lproj/Localizable.strings; sourceTree = "<group>"; };
		633104E91A16A1A800C17BAE /* pt-PT */ = {isa = PBXFileReference; lastKnownFileType = text.plist.strings; name = "pt-PT"; path = "pt-PT.lproj/Localizable.strings"; sourceTree = "<group>"; };
		633104EA1A16A1B700C17BAE /* pt-BR */ = {isa = PBXFileReference; lastKnownFileType = text.plist.strings; name = "pt-BR"; path = "pt-BR.lproj/Localizable.strings"; sourceTree = "<group>"; };
		633104EB1A16A1C800C17BAE /* ro-RO */ = {isa = PBXFileReference; lastKnownFileType = text.plist.strings; name = "ro-RO"; path = "ro-RO.lproj/Localizable.strings"; sourceTree = "<group>"; };
		633104EC1A16A1D200C17BAE /* ru */ = {isa = PBXFileReference; lastKnownFileType = text.plist.strings; name = ru; path = ru.lproj/Localizable.strings; sourceTree = "<group>"; };
		633104ED1A16A1DB00C17BAE /* sk */ = {isa = PBXFileReference; lastKnownFileType = text.plist.strings; name = sk; path = sk.lproj/Localizable.strings; sourceTree = "<group>"; };
		633104EE1A16A1F700C17BAE /* sl-SI */ = {isa = PBXFileReference; lastKnownFileType = text.plist.strings; name = "sl-SI"; path = "sl-SI.lproj/Localizable.strings"; sourceTree = "<group>"; };
		633104EF1A16A20200C17BAE /* sl */ = {isa = PBXFileReference; lastKnownFileType = text.plist.strings; name = sl; path = sl.lproj/Localizable.strings; sourceTree = "<group>"; };
		633104F01A16A21E00C17BAE /* sv */ = {isa = PBXFileReference; lastKnownFileType = text.plist.strings; name = sv; path = sv.lproj/Localizable.strings; sourceTree = "<group>"; };
		633104F11A16A22800C17BAE /* tr */ = {isa = PBXFileReference; lastKnownFileType = text.plist.strings; name = tr; path = tr.lproj/Localizable.strings; sourceTree = "<group>"; };
		633104F21A16A23700C17BAE /* uz */ = {isa = PBXFileReference; lastKnownFileType = text.plist.strings; name = uz; path = uz.lproj/Localizable.strings; sourceTree = "<group>"; };
		633104F31A16A24300C17BAE /* vi */ = {isa = PBXFileReference; lastKnownFileType = text.plist.strings; name = vi; path = vi.lproj/Localizable.strings; sourceTree = "<group>"; };
		633104F51A16A29B00C17BAE /* zh-Hans-CN */ = {isa = PBXFileReference; lastKnownFileType = text.plist.strings; name = "zh-Hans-CN"; path = "zh-Hans-CN.lproj/Localizable.strings"; sourceTree = "<group>"; };
		633104F61A16A35500C17BAE /* nb-NO */ = {isa = PBXFileReference; lastKnownFileType = text.plist.strings; name = "nb-NO"; path = "nb-NO.lproj/Localizable.strings"; sourceTree = "<group>"; };
		633104F71A16AACB00C17BAE /* zh-Hant-TW */ = {isa = PBXFileReference; lastKnownFileType = text.plist.strings; name = "zh-Hant-TW"; path = "zh-Hant-TW.lproj/Localizable.strings"; sourceTree = "<group>"; };
		633104FF1A16AEA800C17BAE /* OTRStrings.h */ = {isa = PBXFileReference; lastKnownFileType = sourcecode.c.h; name = OTRStrings.h; path = Strings/OTRStrings.h; sourceTree = "<group>"; };
		6331051B1A16D1A300C17BAE /* OTRLanguageManager.h */ = {isa = PBXFileReference; fileEncoding = 4; lastKnownFileType = sourcecode.c.h; path = OTRLanguageManager.h; sourceTree = "<group>"; };
		6331051C1A16D1A300C17BAE /* OTRLanguageManager.m */ = {isa = PBXFileReference; fileEncoding = 4; lastKnownFileType = sourcecode.c.objc; path = OTRLanguageManager.m; sourceTree = "<group>"; };
		633105F81A16D1A300C17BAE /* OTRSecrets.h */ = {isa = PBXFileReference; fileEncoding = 4; lastKnownFileType = sourcecode.c.h; path = OTRSecrets.h; sourceTree = "<group>"; };
		633105F91A16D1A300C17BAE /* OTRSecrets.m */ = {isa = PBXFileReference; fileEncoding = 4; lastKnownFileType = sourcecode.c.objc; path = OTRSecrets.m; sourceTree = "<group>"; };
		633107291A16D1F200C17BAE /* DemoImages.xcassets */ = {isa = PBXFileReference; lastKnownFileType = folder.assetcatalog; name = DemoImages.xcassets; path = Resources/DemoImages.xcassets; sourceTree = "<group>"; };
		6331072A1A16D1F200C17BAE /* Images.xcassets */ = {isa = PBXFileReference; lastKnownFileType = folder.assetcatalog; name = Images.xcassets; path = Resources/Images.xcassets; sourceTree = "<group>"; };
		635E51A81DA82A4E002B70AB /* OTROMEMOTestModule.swift */ = {isa = PBXFileReference; fileEncoding = 4; lastKnownFileType = sourcecode.swift; path = OTROMEMOTestModule.swift; sourceTree = "<group>"; };
		635E51AA1DA83AF0002B70AB /* OTRTestDatabase.swift */ = {isa = PBXFileReference; fileEncoding = 4; lastKnownFileType = sourcecode.swift; path = OTRTestDatabase.swift; sourceTree = "<group>"; };
		635FCC831D1B5116008F903C /* OTRStringTests.swift */ = {isa = PBXFileReference; fileEncoding = 4; lastKnownFileType = sourcecode.swift; path = OTRStringTests.swift; sourceTree = "<group>"; };
		63634CE81DA704AA00B0BAE8 /* OTROMEMOIntegrationTest.swift */ = {isa = PBXFileReference; fileEncoding = 4; lastKnownFileType = sourcecode.swift; path = OTROMEMOIntegrationTest.swift; sourceTree = "<group>"; };
		6365CEFC1E2453F6009E213F /* ChatSecureUITests.xctest */ = {isa = PBXFileReference; explicitFileType = wrapper.cfbundle; includeInIndex = 0; path = ChatSecureUITests.xctest; sourceTree = BUILT_PRODUCTS_DIR; };
		6365CEFE1E2453F6009E213F /* ChatSecureUITests.swift */ = {isa = PBXFileReference; lastKnownFileType = sourcecode.swift; path = ChatSecureUITests.swift; sourceTree = "<group>"; };
		6365CF001E2453F6009E213F /* Info.plist */ = {isa = PBXFileReference; lastKnownFileType = text.plist.xml; path = Info.plist; sourceTree = "<group>"; };
		636767E81D83562700432B48 /* TestXMPPAccount.swift */ = {isa = PBXFileReference; fileEncoding = 4; lastKnownFileType = sourcecode.swift; path = TestXMPPAccount.swift; sourceTree = "<group>"; };
		636C63201B571B56008FEE69 /* OTRURLTests.m */ = {isa = PBXFileReference; fileEncoding = 4; lastKnownFileType = sourcecode.c.objc; path = OTRURLTests.m; sourceTree = "<group>"; };
		636DE07D1E5E476200D8D868 /* portrait-orientation.jpg */ = {isa = PBXFileReference; lastKnownFileType = image.jpeg; name = "portrait-orientation.jpg"; path = "TestImages/portrait-orientation.jpg"; sourceTree = "<group>"; };
		639120921D8CA1E200F4100E /* OTROmemoStorageTest.swift */ = {isa = PBXFileReference; fileEncoding = 4; lastKnownFileType = sourcecode.swift; path = OTROmemoStorageTest.swift; sourceTree = "<group>"; };
		63917C3D1DFA20D900341D96 /* OTRModelTest.swift */ = {isa = PBXFileReference; fileEncoding = 4; lastKnownFileType = sourcecode.swift; path = OTRModelTest.swift; sourceTree = "<group>"; };
		6396AF9A1A169D54009F3E6C /* ChatSecure.app */ = {isa = PBXFileReference; explicitFileType = wrapper.application; includeInIndex = 0; path = ChatSecure.app; sourceTree = BUILT_PRODUCTS_DIR; };
		6396AF9E1A169D54009F3E6C /* Info.plist */ = {isa = PBXFileReference; lastKnownFileType = text.plist.xml; path = Info.plist; sourceTree = "<group>"; };
		6396AFB31A169D54009F3E6C /* ChatSecureTests.xctest */ = {isa = PBXFileReference; explicitFileType = wrapper.cfbundle; includeInIndex = 0; path = ChatSecureTests.xctest; sourceTree = BUILT_PRODUCTS_DIR; };
		6396AFB81A169D54009F3E6C /* Info.plist */ = {isa = PBXFileReference; lastKnownFileType = text.plist.xml; path = Info.plist; sourceTree = "<group>"; };
		63B578631D51600300D80ED3 /* OTRSignalTest.swift */ = {isa = PBXFileReference; fileEncoding = 4; lastKnownFileType = sourcecode.swift; path = OTRSignalTest.swift; sourceTree = "<group>"; };
		63DC0EB31A1ABC86002C9598 /* OTR_Codesigning.xcconfig */ = {isa = PBXFileReference; fileEncoding = 4; lastKnownFileType = text.xcconfig; name = OTR_Codesigning.xcconfig; path = configurations/OTR_Codesigning.xcconfig; sourceTree = "<group>"; };
		63DC0EB41A1ABC86002C9598 /* OTR_Debug.xcconfig */ = {isa = PBXFileReference; fileEncoding = 4; lastKnownFileType = text.xcconfig; name = OTR_Debug.xcconfig; path = configurations/OTR_Debug.xcconfig; sourceTree = "<group>"; };
		63DC0EB61A1ABC86002C9598 /* OTR_Release.xcconfig */ = {isa = PBXFileReference; fileEncoding = 4; lastKnownFileType = text.xcconfig; name = OTR_Release.xcconfig; path = configurations/OTR_Release.xcconfig; sourceTree = "<group>"; };
		63DDD8B41A9E94B700C0A918 /* OTRMediaTests.m */ = {isa = PBXFileReference; fileEncoding = 4; lastKnownFileType = sourcecode.c.objc; path = OTRMediaTests.m; sourceTree = "<group>"; };
		63DDD8B91A9E9BD900C0A918 /* samples */ = {isa = PBXFileReference; lastKnownFileType = folder; path = samples; sourceTree = "<group>"; };
		63DF75F41E5FBE550032950B /* OTRYapViewTest.swift */ = {isa = PBXFileReference; fileEncoding = 4; lastKnownFileType = sourcecode.swift; path = OTRYapViewTest.swift; sourceTree = "<group>"; };
		63E353B11BB9D0CF005C54C3 /* PushSerializerTest.swift */ = {isa = PBXFileReference; fileEncoding = 4; lastKnownFileType = sourcecode.swift; path = PushSerializerTest.swift; sourceTree = "<group>"; };
		63F0CAFA1E60C1B40045359C /* OTRYapViewTest.swift */ = {isa = PBXFileReference; fileEncoding = 4; lastKnownFileType = sourcecode.swift; path = OTRYapViewTest.swift; sourceTree = "<group>"; };
		63F614DA1BB214640083A06A /* ChatSecureTests-Bridging-Header.h */ = {isa = PBXFileReference; lastKnownFileType = sourcecode.c.h; path = "ChatSecureTests-Bridging-Header.h"; sourceTree = "<group>"; };
		63F614DB1BB214660083A06A /* ChatSecureModelTest.swift */ = {isa = PBXFileReference; fileEncoding = 4; lastKnownFileType = sourcecode.swift; path = ChatSecureModelTest.swift; sourceTree = "<group>"; };
		702F03DE10003A33635A366F /* Pods-ChatSecureCorePods-ChatSecureTests.release.xcconfig */ = {isa = PBXFileReference; includeInIndex = 1; lastKnownFileType = text.xcconfig; name = "Pods-ChatSecureCorePods-ChatSecureTests.release.xcconfig"; path = "Pods/Target Support Files/Pods-ChatSecureCorePods-ChatSecureTests/Pods-ChatSecureCorePods-ChatSecureTests.release.xcconfig"; sourceTree = "<group>"; };
		7A62FCE8FEC1E7C9644F8C38 /* Pods-ChatSecureCorePods-ChatSecure.release.xcconfig */ = {isa = PBXFileReference; includeInIndex = 1; lastKnownFileType = text.xcconfig; name = "Pods-ChatSecureCorePods-ChatSecure.release.xcconfig"; path = "Pods/Target Support Files/Pods-ChatSecureCorePods-ChatSecure/Pods-ChatSecureCorePods-ChatSecure.release.xcconfig"; sourceTree = "<group>"; };
		825F80066EC1363ED873BFC5 /* libPods-ChatSecureCorePods-ChatSecureTests.a */ = {isa = PBXFileReference; explicitFileType = archive.ar; includeInIndex = 0; path = "libPods-ChatSecureCorePods-ChatSecureTests.a"; sourceTree = BUILT_PRODUCTS_DIR; };
		8F56C50436DA64774EBB16E3 /* OTRMessagesLoadingView.xib */ = {isa = PBXFileReference; lastKnownFileType = file.xib; path = OTRMessagesLoadingView.xib; sourceTree = "<group>"; };
		9224A5F2207E3BD800A044BF /* JoinRoomView.xib */ = {isa = PBXFileReference; fileEncoding = 4; lastKnownFileType = file.xib; name = JoinRoomView.xib; path = Interface/JoinRoomView.xib; sourceTree = "<group>"; };
		924F67C41EA5541C00528FB6 /* MigrationInfoHeaderView.xib */ = {isa = PBXFileReference; fileEncoding = 4; lastKnownFileType = file.xib; name = MigrationInfoHeaderView.xib; path = Interface/MigrationInfoHeaderView.xib; sourceTree = "<group>"; };
		924F68581EA7A31A00528FB6 /* MigratedBuddyHeaderView.xib */ = {isa = PBXFileReference; fileEncoding = 4; lastKnownFileType = file.xib; name = MigratedBuddyHeaderView.xib; path = Interface/MigratedBuddyHeaderView.xib; sourceTree = "<group>"; };
		9251C3041F345DD5003ACE4A /* OTRRoomOccupants.storyboard */ = {isa = PBXFileReference; fileEncoding = 4; lastKnownFileType = file.storyboard; name = OTRRoomOccupants.storyboard; path = Interface/OTRRoomOccupants.storyboard; sourceTree = "<group>"; };
		9251C34C1F35CC44003ACE4A /* ios-icon-font.ttf */ = {isa = PBXFileReference; lastKnownFileType = file; path = "ios-icon-font.ttf"; sourceTree = "<group>"; };
		9251C34D1F35CC44003ACE4A /* MaterialIcons-Regular.ttf */ = {isa = PBXFileReference; lastKnownFileType = file; path = "MaterialIcons-Regular.ttf"; sourceTree = "<group>"; };
		92CC68BE1F42F0710006CDF8 /* OTRComposeGroup.storyboard */ = {isa = PBXFileReference; fileEncoding = 4; lastKnownFileType = file.storyboard; name = OTRComposeGroup.storyboard; path = Interface/OTRComposeGroup.storyboard; sourceTree = "<group>"; };
		962ED3D89B1F330A2A34928B /* Pods-ChatSecureCorePods-ChatSecureTests.debug.xcconfig */ = {isa = PBXFileReference; includeInIndex = 1; lastKnownFileType = text.xcconfig; name = "Pods-ChatSecureCorePods-ChatSecureTests.debug.xcconfig"; path = "Pods/Target Support Files/Pods-ChatSecureCorePods-ChatSecureTests/Pods-ChatSecureCorePods-ChatSecureTests.debug.xcconfig"; sourceTree = "<group>"; };
		B9F54C7203BBEF36D2A9CAE7 /* libPods-ChatSecureCorePods-ChatSecure.a */ = {isa = PBXFileReference; explicitFileType = archive.ar; includeInIndex = 0; path = "libPods-ChatSecureCorePods-ChatSecure.a"; sourceTree = BUILT_PRODUCTS_DIR; };
		C492FFACC855CE12E882968E /* Pods_ChatSecureCorePods_ChatSecureUITests.framework */ = {isa = PBXFileReference; explicitFileType = wrapper.framework; includeInIndex = 0; path = Pods_ChatSecureCorePods_ChatSecureUITests.framework; sourceTree = BUILT_PRODUCTS_DIR; };
		CCD1F8E85C658C8D3865B584 /* Pods.framework */ = {isa = PBXFileReference; explicitFileType = wrapper.framework; includeInIndex = 0; path = Pods.framework; sourceTree = BUILT_PRODUCTS_DIR; };
		D913A56C1B747B62006C5ACD /* Onboarding.storyboard */ = {isa = PBXFileReference; fileEncoding = 4; lastKnownFileType = file.storyboard; name = Onboarding.storyboard; path = Interface/Onboarding.storyboard; sourceTree = "<group>"; };
		D91F9EFD1ED645F100AEA62C /* FileTransferIntegrationTests.swift */ = {isa = PBXFileReference; fileEncoding = 4; lastKnownFileType = sourcecode.swift; path = FileTransferIntegrationTests.swift; sourceTree = "<group>"; };
		D9227C231BA78E6B00B5E1D0 /* FontAwesome.ttf */ = {isa = PBXFileReference; lastKnownFileType = file; path = FontAwesome.ttf; sourceTree = "<group>"; };
		D927C9761EF0C5AF00B72026 /* UIView+OTRAssets.swift */ = {isa = PBXFileReference; lastKnownFileType = sourcecode.swift; path = "UIView+OTRAssets.swift"; sourceTree = "<group>"; };
		D93027561BAA381F000CC975 /* OTRResources.bundle */ = {isa = PBXFileReference; explicitFileType = wrapper.cfbundle; includeInIndex = 0; path = OTRResources.bundle; sourceTree = BUILT_PRODUCTS_DIR; };
		D93027581BAA381F000CC975 /* Info.plist */ = {isa = PBXFileReference; lastKnownFileType = text.plist.xml; path = Info.plist; sourceTree = "<group>"; };
		D9315CAD1BB600450077D2EE /* AddFriendsView.xib */ = {isa = PBXFileReference; fileEncoding = 4; lastKnownFileType = file.xib; name = AddFriendsView.xib; path = Interface/AddFriendsView.xib; sourceTree = "<group>"; };
		D9365E791A1EB0050006434A /* torrc */ = {isa = PBXFileReference; fileEncoding = 4; lastKnownFileType = text; name = torrc; path = Resources/torrc; sourceTree = "<group>"; };
		D936D6CA1E8B1B34003B1343 /* FileTransferTests.swift */ = {isa = PBXFileReference; fileEncoding = 4; lastKnownFileType = sourcecode.swift; path = FileTransferTests.swift; sourceTree = "<group>"; };
		D93EFA7723596BC9007474EC /* OTRComposeGroupBuddyCell.xib */ = {isa = PBXFileReference; fileEncoding = 4; lastKnownFileType = file.xib; name = OTRComposeGroupBuddyCell.xib; path = Interface/OTRComposeGroupBuddyCell.xib; sourceTree = "<group>"; };
		D93EFA7823596BC9007474EC /* XMPPAccountCell.xib */ = {isa = PBXFileReference; fileEncoding = 4; lastKnownFileType = file.xib; name = XMPPAccountCell.xib; path = Interface/XMPPAccountCell.xib; sourceTree = "<group>"; };
		D93EFA7923596BC9007474EC /* OTRMessageUnknownSenderCell.xib */ = {isa = PBXFileReference; fileEncoding = 4; lastKnownFileType = file.xib; name = OTRMessageUnknownSenderCell.xib; path = Interface/OTRMessageUnknownSenderCell.xib; sourceTree = "<group>"; };
		D93EFA7A23596BC9007474EC /* OMEMODeviceFingerprintCell.xib */ = {isa = PBXFileReference; fileEncoding = 4; lastKnownFileType = file.xib; name = OMEMODeviceFingerprintCell.xib; path = Interface/OMEMODeviceFingerprintCell.xib; sourceTree = "<group>"; };
		D93EFA7B23596BC9007474EC /* PushAccountTableViewCell.xib */ = {isa = PBXFileReference; fileEncoding = 4; lastKnownFileType = file.xib; name = PushAccountTableViewCell.xib; path = Interface/PushAccountTableViewCell.xib; sourceTree = "<group>"; };
		D93EFA7C23596BC9007474EC /* ServerCapabilityTableViewCell.xib */ = {isa = PBXFileReference; fileEncoding = 4; lastKnownFileType = file.xib; name = ServerCapabilityTableViewCell.xib; path = Interface/ServerCapabilityTableViewCell.xib; sourceTree = "<group>"; };
		D93EFA7D23596BCA007474EC /* TwoButtonTableViewCell.xib */ = {isa = PBXFileReference; fileEncoding = 4; lastKnownFileType = file.xib; name = TwoButtonTableViewCell.xib; path = Interface/TwoButtonTableViewCell.xib; sourceTree = "<group>"; };
		D93EFA7E23596BCA007474EC /* UserInfoProfileCell.xib */ = {isa = PBXFileReference; fileEncoding = 4; lastKnownFileType = file.xib; name = UserInfoProfileCell.xib; path = Interface/UserInfoProfileCell.xib; sourceTree = "<group>"; };
		D93EFA7F23596BCA007474EC /* OTRMessageNewDeviceCell.xib */ = {isa = PBXFileReference; fileEncoding = 4; lastKnownFileType = file.xib; name = OTRMessageNewDeviceCell.xib; path = Interface/OTRMessageNewDeviceCell.xib; sourceTree = "<group>"; };
		D93EFA8023596BCA007474EC /* SingleButtonTableViewCell.xib */ = {isa = PBXFileReference; fileEncoding = 4; lastKnownFileType = file.xib; name = SingleButtonTableViewCell.xib; path = Interface/SingleButtonTableViewCell.xib; sourceTree = "<group>"; };
		D93EFA8D235971E2007474EC /* Purchase.storyboard */ = {isa = PBXFileReference; fileEncoding = 4; lastKnownFileType = file.storyboard; name = Purchase.storyboard; path = Interface/Purchase.storyboard; sourceTree = "<group>"; };
		D95553D71C4F16730019667A /* ChatSecure.entitlements */ = {isa = PBXFileReference; lastKnownFileType = text.xml; path = ChatSecure.entitlements; sourceTree = "<group>"; };
		D9599BB91E284BCA006A4450 /* StringsConverter.py */ = {isa = PBXFileReference; lastKnownFileType = text.script.python; name = StringsConverter.py; path = Strings/StringsConverter.py; sourceTree = "<group>"; };
		D9599BBA1E284BCA006A4450 /* StringsUnused.py */ = {isa = PBXFileReference; lastKnownFileType = text.script.python; name = StringsUnused.py; path = Strings/StringsUnused.py; sourceTree = "<group>"; };
		D9599BBB1E28578D006A4450 /* OTRStrings.m */ = {isa = PBXFileReference; fileEncoding = 4; lastKnownFileType = sourcecode.c.objc; name = OTRStrings.m; path = Strings/OTRStrings.m; sourceTree = "<group>"; };
		D9599BBD1E285EC3006A4450 /* OTRLanguageManager_Private.h */ = {isa = PBXFileReference; lastKnownFileType = sourcecode.c.h; path = OTRLanguageManager_Private.h; sourceTree = "<group>"; };
		D95AD2281B684AE1007DEBC3 /* xmpp-server-list */ = {isa = PBXFileReference; lastKnownFileType = folder; name = "xmpp-server-list"; path = "Submodules/xmpp-server-list"; sourceTree = SOURCE_ROOT; };
		D97070911EEF382D004FEBDE /* MediaDownloadView.xib */ = {isa = PBXFileReference; lastKnownFileType = file.xib; name = MediaDownloadView.xib; path = Interface/MediaDownloadView.xib; sourceTree = "<group>"; };
		D973D7051A2D4094004D353E /* Pods-ChatSecureCorePods-ChatSecure-acknowledgements.plist */ = {isa = PBXFileReference; fileEncoding = 4; lastKnownFileType = text.plist.xml; name = "Pods-ChatSecureCorePods-ChatSecure-acknowledgements.plist"; path = "Pods/Target Support Files/Pods-ChatSecureCorePods-ChatSecure/Pods-ChatSecureCorePods-ChatSecure-acknowledgements.plist"; sourceTree = SOURCE_ROOT; };
		D985BC791EBD32F700993D27 /* StoreKit.framework */ = {isa = PBXFileReference; lastKnownFileType = wrapper.framework; name = StoreKit.framework; path = System/Library/Frameworks/StoreKit.framework; sourceTree = SDKROOT; };
		D98BA36B1EDE47BB004475B6 /* HTMLPreviewView.xib */ = {isa = PBXFileReference; fileEncoding = 4; lastKnownFileType = file.xib; name = HTMLPreviewView.xib; path = Interface/HTMLPreviewView.xib; sourceTree = "<group>"; };
		D99F17891BAB946800604558 /* Branding.plist */ = {isa = PBXFileReference; fileEncoding = 4; lastKnownFileType = text.plist.xml; path = Branding.plist; sourceTree = "<group>"; };
		D99F178B1BAB947E00604558 /* Secrets.plist */ = {isa = PBXFileReference; fileEncoding = 4; lastKnownFileType = text.plist.xml; path = Secrets.plist; sourceTree = "<group>"; };
		D9AE3A101BA8CBFA00255537 /* OTRAssets.h */ = {isa = PBXFileReference; lastKnownFileType = sourcecode.c.h; path = OTRAssets.h; sourceTree = "<group>"; };
		D9AE3A121BA8CBFA00255537 /* Info.plist */ = {isa = PBXFileReference; lastKnownFileType = text.plist.xml; path = Info.plist; sourceTree = "<group>"; };
		D9AE3A221BA8D02800255537 /* OTRCountryImages.xcassets */ = {isa = PBXFileReference; lastKnownFileType = folder.assetcatalog; name = OTRCountryImages.xcassets; path = Images/OTRCountryImages.xcassets; sourceTree = "<group>"; };
		D9AE3A231BA8D02800255537 /* OTRImages.xcassets */ = {isa = PBXFileReference; lastKnownFileType = folder.assetcatalog; name = OTRImages.xcassets; path = Images/OTRImages.xcassets; sourceTree = "<group>"; };
		D9AE3A2E1BA8D84500255537 /* OTRBranding.h */ = {isa = PBXFileReference; fileEncoding = 4; lastKnownFileType = sourcecode.c.h; path = OTRBranding.h; sourceTree = "<group>"; };
		D9AE3A2F1BA8D84500255537 /* OTRBranding.m */ = {isa = PBXFileReference; fileEncoding = 4; lastKnownFileType = sourcecode.c.objc; path = OTRBranding.m; sourceTree = "<group>"; };
		D9B3EC211FA196CE00E63C7F /* AppDelegate.swift */ = {isa = PBXFileReference; lastKnownFileType = sourcecode.swift; path = AppDelegate.swift; sourceTree = "<group>"; };
		D9BE65451B6A08ED002D4136 /* XMPPServerInfoCell.xib */ = {isa = PBXFileReference; fileEncoding = 4; lastKnownFileType = file.xib; name = XMPPServerInfoCell.xib; path = Interface/XMPPServerInfoCell.xib; sourceTree = "<group>"; };
		D9BF84201EFA036A00EF7A0B /* AFNetworking.framework */ = {isa = PBXFileReference; lastKnownFileType = wrapper.framework; name = AFNetworking.framework; path = Carthage/Build/iOS/AFNetworking.framework; sourceTree = "<group>"; };
		D9C6E69D1B7148EF00572273 /* OTRUsernameCell.xib */ = {isa = PBXFileReference; fileEncoding = 4; lastKnownFileType = file.xib; name = OTRUsernameCell.xib; path = Interface/OTRUsernameCell.xib; sourceTree = "<group>"; };
		D9DEC3491FABC9F900BF1F7C /* Settings.bundle */ = {isa = PBXFileReference; lastKnownFileType = "wrapper.plug-in"; path = Settings.bundle; sourceTree = "<group>"; };
		D9E8277D1E2819F20071F40D /* strings.json */ = {isa = PBXFileReference; lastKnownFileType = text.json; name = strings.json; path = OTRAssets/Strings/strings.json; sourceTree = SOURCE_ROOT; };
		D9ECD08E2344626800ECE5F9 /* LaunchScreen.storyboard */ = {isa = PBXFileReference; lastKnownFileType = file.storyboard; path = LaunchScreen.storyboard; sourceTree = "<group>"; };
		DE32B878BAC9A236855EAF6E /* Pods-ChatSecureCorePods-ChatSecure.debug.xcconfig */ = {isa = PBXFileReference; includeInIndex = 1; lastKnownFileType = text.xcconfig; name = "Pods-ChatSecureCorePods-ChatSecure.debug.xcconfig"; path = "Pods/Target Support Files/Pods-ChatSecureCorePods-ChatSecure/Pods-ChatSecureCorePods-ChatSecure.debug.xcconfig"; sourceTree = "<group>"; };
/* End PBXFileReference section */

/* Begin PBXFrameworksBuildPhase section */
		6365CEF91E2453F6009E213F /* Frameworks */ = {
			isa = PBXFrameworksBuildPhase;
			buildActionMask = 2147483647;
			files = (
			);
			runOnlyForDeploymentPostprocessing = 0;
		};
		6396AF971A169D54009F3E6C /* Frameworks */ = {
			isa = PBXFrameworksBuildPhase;
			buildActionMask = 2147483647;
			files = (
				D985BC7A1EBD32F700993D27 /* StoreKit.framework in Frameworks */,
				4D17A0182F0DA3D98412BA60 /* libPods-ChatSecureCorePods-ChatSecure.a in Frameworks */,
			);
			runOnlyForDeploymentPostprocessing = 0;
		};
		6396AFB01A169D54009F3E6C /* Frameworks */ = {
			isa = PBXFrameworksBuildPhase;
			buildActionMask = 2147483647;
			files = (
				DB6ED7303C69215971C9934B /* libPods-ChatSecureCorePods-ChatSecureTests.a in Frameworks */,
			);
			runOnlyForDeploymentPostprocessing = 0;
		};
		D93027531BAA381F000CC975 /* Frameworks */ = {
			isa = PBXFrameworksBuildPhase;
			buildActionMask = 2147483647;
			files = (
			);
			runOnlyForDeploymentPostprocessing = 0;
		};
/* End PBXFrameworksBuildPhase section */

/* Begin PBXGroup section */
		6323C6FF1E396D1900D0FB42 /* TestImages */ = {
			isa = PBXGroup;
			children = (
				636DE07D1E5E476200D8D868 /* portrait-orientation.jpg */,
				6323C7001E396D3D00D0FB42 /* landscape.jpg */,
				6323C7011E396D3D00D0FB42 /* portrait.jpg */,
				6323C7021E396D3D00D0FB42 /* small.jpg */,
			);
			name = TestImages;
			sourceTree = "<group>";
		};
		633104D71A169EE600C17BAE /* Resources */ = {
			isa = PBXGroup;
			children = (
				D9ECD08E2344626800ECE5F9 /* LaunchScreen.storyboard */,
				D9DEC3491FABC9F900BF1F7C /* Settings.bundle */,
				D9227C231BA78E6B00B5E1D0 /* FontAwesome.ttf */,
				D95AD2281B684AE1007DEBC3 /* xmpp-server-list */,
				D973D7051A2D4094004D353E /* Pods-ChatSecureCorePods-ChatSecure-acknowledgements.plist */,
				D9365E791A1EB0050006434A /* torrc */,
				633107291A16D1F200C17BAE /* DemoImages.xcassets */,
				6331072A1A16D1F200C17BAE /* Images.xcassets */,
			);
			name = Resources;
			sourceTree = "<group>";
		};
		6365CEFD1E2453F6009E213F /* ChatSecureUITests */ = {
			isa = PBXGroup;
			children = (
				632157DC1E57D01A00738D4E /* SnapshotHelper.swift */,
				6365CEFE1E2453F6009E213F /* ChatSecureUITests.swift */,
				6365CF001E2453F6009E213F /* Info.plist */,
			);
			path = ChatSecureUITests;
			sourceTree = "<group>";
		};
		6396AF911A169D54009F3E6C = {
			isa = PBXGroup;
			children = (
				6396AF9C1A169D54009F3E6C /* ChatSecure */,
				6396AFB61A169D54009F3E6C /* ChatSecureTests */,
				6365CEFD1E2453F6009E213F /* ChatSecureUITests */,
				D9AE3A0F1BA8CBFA00255537 /* OTRAssets */,
				D93027571BAA381F000CC975 /* OTRResources */,
				6396AF9B1A169D54009F3E6C /* Products */,
				C1E90FC219EFFEE2E8C7EECF /* Pods */,
				DB9AACD6ED82090C7A6B0076 /* Frameworks */,
			);
			sourceTree = "<group>";
		};
		6396AF9B1A169D54009F3E6C /* Products */ = {
			isa = PBXGroup;
			children = (
				6396AF9A1A169D54009F3E6C /* ChatSecure.app */,
				6396AFB31A169D54009F3E6C /* ChatSecureTests.xctest */,
				D93027561BAA381F000CC975 /* OTRResources.bundle */,
				6365CEFC1E2453F6009E213F /* ChatSecureUITests.xctest */,
			);
			name = Products;
			sourceTree = "<group>";
		};
		6396AF9C1A169D54009F3E6C /* ChatSecure */ = {
			isa = PBXGroup;
			children = (
				D9B3EC211FA196CE00E63C7F /* AppDelegate.swift */,
				D95553D71C4F16730019667A /* ChatSecure.entitlements */,
				633104D71A169EE600C17BAE /* Resources */,
				6396AF9D1A169D54009F3E6C /* Supporting Files */,
			);
			path = ChatSecure;
			sourceTree = "<group>";
		};
		6396AF9D1A169D54009F3E6C /* Supporting Files */ = {
			isa = PBXGroup;
			children = (
				6396AF9E1A169D54009F3E6C /* Info.plist */,
			);
			name = "Supporting Files";
			sourceTree = "<group>";
		};
		6396AFB61A169D54009F3E6C /* ChatSecureTests */ = {
			isa = PBXGroup;
			children = (
				63DDD8B91A9E9BD900C0A918 /* samples */,
				636C63201B571B56008FEE69 /* OTRURLTests.m */,
				635FCC831D1B5116008F903C /* OTRStringTests.swift */,
				63DDD8B41A9E94B700C0A918 /* OTRMediaTests.m */,
				63F614DB1BB214660083A06A /* ChatSecureModelTest.swift */,
				63E353B11BB9D0CF005C54C3 /* PushSerializerTest.swift */,
				63B578631D51600300D80ED3 /* OTRSignalTest.swift */,
				636767E81D83562700432B48 /* TestXMPPAccount.swift */,
				639120921D8CA1E200F4100E /* OTROmemoStorageTest.swift */,
				63634CE81DA704AA00B0BAE8 /* OTROMEMOIntegrationTest.swift */,
				635E51A81DA82A4E002B70AB /* OTROMEMOTestModule.swift */,
				635E51AA1DA83AF0002B70AB /* OTRTestDatabase.swift */,
				63DF75F41E5FBE550032950B /* OTRYapViewTest.swift */,
				63917C3D1DFA20D900341D96 /* OTRModelTest.swift */,
				6323C6FD1E39547200D0FB42 /* OTRImageTest.swift */,
				63F0CAFA1E60C1B40045359C /* OTRYapViewTest.swift */,
				D936D6CA1E8B1B34003B1343 /* FileTransferTests.swift */,
				D91F9EFD1ED645F100AEA62C /* FileTransferIntegrationTests.swift */,
				6323C6FF1E396D1900D0FB42 /* TestImages */,
				6396AFB71A169D54009F3E6C /* Supporting Files */,
				63F614DA1BB214640083A06A /* ChatSecureTests-Bridging-Header.h */,
			);
			path = ChatSecureTests;
			sourceTree = "<group>";
		};
		6396AFB71A169D54009F3E6C /* Supporting Files */ = {
			isa = PBXGroup;
			children = (
				6396AFB81A169D54009F3E6C /* Info.plist */,
			);
			name = "Supporting Files";
			sourceTree = "<group>";
		};
		63DC0EB21A1ABC3E002C9598 /* Configurations */ = {
			isa = PBXGroup;
			children = (
				63DC0EB31A1ABC86002C9598 /* OTR_Codesigning.xcconfig */,
				63DC0EB41A1ABC86002C9598 /* OTR_Debug.xcconfig */,
				63DC0EB61A1ABC86002C9598 /* OTR_Release.xcconfig */,
			);
			name = Configurations;
			sourceTree = "<group>";
		};
		C1E90FC219EFFEE2E8C7EECF /* Pods */ = {
			isa = PBXGroup;
			children = (
				63DC0EB21A1ABC3E002C9598 /* Configurations */,
				6308D1441CA20762002F5F30 /* Pods-ChatSecureCorePods-ChatSecure-acknowledgements.plist */,
				DE32B878BAC9A236855EAF6E /* Pods-ChatSecureCorePods-ChatSecure.debug.xcconfig */,
				7A62FCE8FEC1E7C9644F8C38 /* Pods-ChatSecureCorePods-ChatSecure.release.xcconfig */,
				962ED3D89B1F330A2A34928B /* Pods-ChatSecureCorePods-ChatSecureTests.debug.xcconfig */,
				702F03DE10003A33635A366F /* Pods-ChatSecureCorePods-ChatSecureTests.release.xcconfig */,
			);
			name = Pods;
			sourceTree = "<group>";
		};
		D93027571BAA381F000CC975 /* OTRResources */ = {
			isa = PBXGroup;
			children = (
				D93EFA8D235971E2007474EC /* Purchase.storyboard */,
				D93EFA7A23596BC9007474EC /* OMEMODeviceFingerprintCell.xib */,
				D93EFA7723596BC9007474EC /* OTRComposeGroupBuddyCell.xib */,
				D93EFA7F23596BCA007474EC /* OTRMessageNewDeviceCell.xib */,
				D93EFA7923596BC9007474EC /* OTRMessageUnknownSenderCell.xib */,
				D93EFA7B23596BC9007474EC /* PushAccountTableViewCell.xib */,
				D93EFA7C23596BC9007474EC /* ServerCapabilityTableViewCell.xib */,
				D93EFA8023596BCA007474EC /* SingleButtonTableViewCell.xib */,
				D93EFA7D23596BCA007474EC /* TwoButtonTableViewCell.xib */,
				D93EFA7E23596BCA007474EC /* UserInfoProfileCell.xib */,
				D93EFA7823596BC9007474EC /* XMPPAccountCell.xib */,
				9251C34C1F35CC44003ACE4A /* ios-icon-font.ttf */,
				9251C34D1F35CC44003ACE4A /* MaterialIcons-Regular.ttf */,
				D97070911EEF382D004FEBDE /* MediaDownloadView.xib */,
				D98BA36B1EDE47BB004475B6 /* HTMLPreviewView.xib */,
				D9BE65451B6A08ED002D4136 /* XMPPServerInfoCell.xib */,
				D9C6E69D1B7148EF00572273 /* OTRUsernameCell.xib */,
				D913A56C1B747B62006C5ACD /* Onboarding.storyboard */,
				633104D61A169EC800C17BAE /* Localizable.strings */,
				D9AE3A221BA8D02800255537 /* OTRCountryImages.xcassets */,
				D9AE3A231BA8D02800255537 /* OTRImages.xcassets */,
				D93027581BAA381F000CC975 /* Info.plist */,
				D99F17891BAB946800604558 /* Branding.plist */,
				D99F178B1BAB947E00604558 /* Secrets.plist */,
				D9315CAD1BB600450077D2EE /* AddFriendsView.xib */,
				924F67C41EA5541C00528FB6 /* MigrationInfoHeaderView.xib */,
				924F68581EA7A31A00528FB6 /* MigratedBuddyHeaderView.xib */,
				8F56C50436DA64774EBB16E3 /* OTRMessagesLoadingView.xib */,
				9251C3041F345DD5003ACE4A /* OTRRoomOccupants.storyboard */,
				92CC68BE1F42F0710006CDF8 /* OTRComposeGroup.storyboard */,
				9224A5F2207E3BD800A044BF /* JoinRoomView.xib */,
			);
			path = OTRResources;
			sourceTree = "<group>";
		};
		D9AE3A0F1BA8CBFA00255537 /* OTRAssets */ = {
			isa = PBXGroup;
			children = (
				D9AE3A2B1BA8D2AD00255537 /* Resources */,
				D9AE3A1D1BA8CCAA00255537 /* Classes */,
				D9AE3A121BA8CBFA00255537 /* Info.plist */,
			);
			path = OTRAssets;
			sourceTree = "<group>";
		};
		D9AE3A1D1BA8CCAA00255537 /* Classes */ = {
			isa = PBXGroup;
			children = (
				D927C9761EF0C5AF00B72026 /* UIView+OTRAssets.swift */,
				D9599BBD1E285EC3006A4450 /* OTRLanguageManager_Private.h */,
				6331051B1A16D1A300C17BAE /* OTRLanguageManager.h */,
				6331051C1A16D1A300C17BAE /* OTRLanguageManager.m */,
				D9AE3A2E1BA8D84500255537 /* OTRBranding.h */,
				D9AE3A2F1BA8D84500255537 /* OTRBranding.m */,
				D9AE3A101BA8CBFA00255537 /* OTRAssets.h */,
				633104FF1A16AEA800C17BAE /* OTRStrings.h */,
				D9599BBB1E28578D006A4450 /* OTRStrings.m */,
				633105F81A16D1A300C17BAE /* OTRSecrets.h */,
				633105F91A16D1A300C17BAE /* OTRSecrets.m */,
			);
			name = Classes;
			sourceTree = "<group>";
		};
		D9AE3A2B1BA8D2AD00255537 /* Resources */ = {
			isa = PBXGroup;
			children = (
				D9599BB91E284BCA006A4450 /* StringsConverter.py */,
				D9599BBA1E284BCA006A4450 /* StringsUnused.py */,
				D9E8277D1E2819F20071F40D /* strings.json */,
			);
			name = Resources;
			sourceTree = "<group>";
		};
		DB9AACD6ED82090C7A6B0076 /* Frameworks */ = {
			isa = PBXGroup;
			children = (
				D9BF84201EFA036A00EF7A0B /* AFNetworking.framework */,
				D985BC791EBD32F700993D27 /* StoreKit.framework */,
				CCD1F8E85C658C8D3865B584 /* Pods.framework */,
				46AAC6968EC686E61C8E8EA4 /* Pods_ChatSecureCore.framework */,
				C492FFACC855CE12E882968E /* Pods_ChatSecureCorePods_ChatSecureUITests.framework */,
				B9F54C7203BBEF36D2A9CAE7 /* libPods-ChatSecureCorePods-ChatSecure.a */,
				825F80066EC1363ED873BFC5 /* libPods-ChatSecureCorePods-ChatSecureTests.a */,
			);
			name = Frameworks;
			sourceTree = "<group>";
		};
/* End PBXGroup section */

/* Begin PBXNativeTarget section */
		6365CEFB1E2453F6009E213F /* ChatSecureUITests */ = {
			isa = PBXNativeTarget;
			buildConfigurationList = 6365CF031E2453F6009E213F /* Build configuration list for PBXNativeTarget "ChatSecureUITests" */;
			buildPhases = (
				6365CEF81E2453F6009E213F /* Sources */,
				6365CEF91E2453F6009E213F /* Frameworks */,
				6365CEFA1E2453F6009E213F /* Resources */,
			);
			buildRules = (
			);
			dependencies = (
				6365CF021E2453F6009E213F /* PBXTargetDependency */,
			);
			name = ChatSecureUITests;
			productName = ChatSecureUITests;
			productReference = 6365CEFC1E2453F6009E213F /* ChatSecureUITests.xctest */;
			productType = "com.apple.product-type.bundle.ui-testing";
		};
		6396AF991A169D54009F3E6C /* ChatSecure */ = {
			isa = PBXNativeTarget;
			buildConfigurationList = 6396AFBD1A169D54009F3E6C /* Build configuration list for PBXNativeTarget "ChatSecure" */;
			buildPhases = (
				26A8ED395C5418B361347335 /* [CP] Check Pods Manifest.lock */,
				6396AF961A169D54009F3E6C /* Sources */,
				6396AF971A169D54009F3E6C /* Frameworks */,
				6396AF981A169D54009F3E6C /* Resources */,
				D9227C481BA7952100B5E1D0 /* Embed Frameworks */,
				D92F96D821BA1E7A0056EA35 /* LicensePlist */,
				42829843B1DFA068A70F83E8 /* [CP] Copy Pods Resources */,
			);
			buildRules = (
			);
			dependencies = (
				D99F17901BAB9CD400604558 /* PBXTargetDependency */,
			);
			name = ChatSecure;
			productName = ChatSecure;
			productReference = 6396AF9A1A169D54009F3E6C /* ChatSecure.app */;
			productType = "com.apple.product-type.application";
		};
		6396AFB21A169D54009F3E6C /* ChatSecureTests */ = {
			isa = PBXNativeTarget;
			buildConfigurationList = 6396AFC01A169D54009F3E6C /* Build configuration list for PBXNativeTarget "ChatSecureTests" */;
			buildPhases = (
				77A00DC28BB2926A0668095F /* [CP] Check Pods Manifest.lock */,
				6396AFAF1A169D54009F3E6C /* Sources */,
				6396AFB01A169D54009F3E6C /* Frameworks */,
				6396AFB11A169D54009F3E6C /* Resources */,
				3CDE4234E348F4E767DA1980 /* [CP] Copy Pods Resources */,
			);
			buildRules = (
			);
			dependencies = (
				6396AFB51A169D54009F3E6C /* PBXTargetDependency */,
			);
			name = ChatSecureTests;
			productName = ChatSecureTests;
			productReference = 6396AFB31A169D54009F3E6C /* ChatSecureTests.xctest */;
			productType = "com.apple.product-type.bundle.unit-test";
		};
		D93027551BAA381F000CC975 /* OTRResources */ = {
			isa = PBXNativeTarget;
			buildConfigurationList = D930275C1BAA381F000CC975 /* Build configuration list for PBXNativeTarget "OTRResources" */;
			buildPhases = (
				D93027521BAA381F000CC975 /* Sources */,
				D93027531BAA381F000CC975 /* Frameworks */,
				D93027541BAA381F000CC975 /* Resources */,
			);
			buildRules = (
			);
			dependencies = (
			);
			name = OTRResources;
			productName = OTRResources;
			productReference = D93027561BAA381F000CC975 /* OTRResources.bundle */;
			productType = "com.apple.product-type.bundle";
		};
/* End PBXNativeTarget section */

/* Begin PBXProject section */
		6396AF921A169D54009F3E6C /* Project object */ = {
			isa = PBXProject;
			attributes = {
				CLASSPREFIX = OTR;
				LastSwiftMigration = 0700;
				LastSwiftUpdateCheck = 0820;
				LastUpgradeCheck = 0930;
				ORGANIZATIONNAME = "Chris Ballinger";
				TargetAttributes = {
					6365CEFB1E2453F6009E213F = {
						CreatedOnToolsVersion = 8.2;
						DevelopmentTeam = SF3NXKQQ64;
						LastSwiftMigration = 1010;
						ProvisioningStyle = Automatic;
						TestTargetID = 6396AF991A169D54009F3E6C;
					};
					6396AF991A169D54009F3E6C = {
						CreatedOnToolsVersion = 6.1;
						DevelopmentTeam = 4T8JLQR6GR;
						LastSwiftMigration = 1010;
						ProvisioningStyle = Automatic;
						SystemCapabilities = {
							com.apple.DataProtection = {
								enabled = 1;
							};
							com.apple.InAppPurchase = {
								enabled = 1;
							};
							com.apple.Keychain = {
								enabled = 1;
							};
							com.apple.Push = {
								enabled = 1;
							};
							com.apple.SafariKeychain = {
								enabled = 1;
							};
						};
					};
					6396AFB21A169D54009F3E6C = {
						CreatedOnToolsVersion = 6.1;
						DevelopmentTeam = 4T8JLQR6GR;
						LastSwiftMigration = 1010;
						ProvisioningStyle = Automatic;
					};
					D93027551BAA381F000CC975 = {
						CreatedOnToolsVersion = 7.0;
						DevelopmentTeam = 4T8JLQR6GR;
						ProvisioningStyle = Automatic;
					};
				};
			};
			buildConfigurationList = 6396AF951A169D54009F3E6C /* Build configuration list for PBXProject "ChatSecure" */;
			compatibilityVersion = "Xcode 11.0";
			developmentRegion = en;
			hasScannedForEncodings = 0;
			knownRegions = (
				en,
				Base,
				de,
				ar,
				bo,
				ca,
				"da-DK",
				el,
				es,
				"fa-IR",
				fr,
				he,
				hu,
				id,
				it,
				ja,
				"nl-NL",
				pl,
				"pt-PT",
				"pt-BR",
				"ro-RO",
				ru,
				sk,
				"sl-SI",
				sl,
				sv,
				tr,
				uz,
				vi,
				"zh-Hans-CN",
				"nb-NO",
				"zh-Hant-TW",
			);
			mainGroup = 6396AF911A169D54009F3E6C;
			productRefGroup = 6396AF9B1A169D54009F3E6C /* Products */;
			projectDirPath = "";
			projectRoot = "";
			targets = (
				6396AF991A169D54009F3E6C /* ChatSecure */,
				6396AFB21A169D54009F3E6C /* ChatSecureTests */,
				6365CEFB1E2453F6009E213F /* ChatSecureUITests */,
				D93027551BAA381F000CC975 /* OTRResources */,
			);
		};
/* End PBXProject section */

/* Begin PBXResourcesBuildPhase section */
		6365CEFA1E2453F6009E213F /* Resources */ = {
			isa = PBXResourcesBuildPhase;
			buildActionMask = 2147483647;
			files = (
				632A2D341E2728B8000D3192 /* Localizable.strings in Resources */,
			);
			runOnlyForDeploymentPostprocessing = 0;
		};
		6396AF981A169D54009F3E6C /* Resources */ = {
			isa = PBXResourcesBuildPhase;
			buildActionMask = 2147483647;
			files = (
				D93E50671FC3E9B400E0E624 /* OTRResources.bundle in Resources */,
				635EF2021E276C410087BD72 /* Localizable.strings in Resources */,
				D9DEC34A1FABC9F900BF1F7C /* Settings.bundle in Resources */,
				D9ECD08F2344626800ECE5F9 /* LaunchScreen.storyboard in Resources */,
				6331072C1A16D1F200C17BAE /* Images.xcassets in Resources */,
				6308D1451CA20762002F5F30 /* Pods-ChatSecureCorePods-ChatSecure-acknowledgements.plist in Resources */,
				D9365E7A1A1EB0050006434A /* torrc in Resources */,
				6331072B1A16D1F200C17BAE /* DemoImages.xcassets in Resources */,
				D95AD2291B684AE1007DEBC3 /* xmpp-server-list in Resources */,
			);
			runOnlyForDeploymentPostprocessing = 0;
		};
		6396AFB11A169D54009F3E6C /* Resources */ = {
			isa = PBXResourcesBuildPhase;
			buildActionMask = 2147483647;
			files = (
				6323C7041E396D3D00D0FB42 /* portrait.jpg in Resources */,
				636DE07E1E5E476200D8D868 /* portrait-orientation.jpg in Resources */,
				6323C7031E396D3D00D0FB42 /* landscape.jpg in Resources */,
				6323C7051E396D3D00D0FB42 /* small.jpg in Resources */,
				63DDD8BA1A9E9BD900C0A918 /* samples in Resources */,
			);
			runOnlyForDeploymentPostprocessing = 0;
		};
		D93027541BAA381F000CC975 /* Resources */ = {
			isa = PBXResourcesBuildPhase;
			buildActionMask = 2147483647;
			files = (
				924F67C51EA5541C00528FB6 /* MigrationInfoHeaderView.xib in Resources */,
				D99F17871BAB932C00604558 /* OTRCountryImages.xcassets in Resources */,
				D98BA36C1EDE47BB004475B6 /* HTMLPreviewView.xib in Resources */,
				D93EFA8323596BCA007474EC /* OTRMessageUnknownSenderCell.xib in Resources */,
				9251C34F1F35CC44003ACE4A /* MaterialIcons-Regular.ttf in Resources */,
				D93EFA8223596BCA007474EC /* XMPPAccountCell.xib in Resources */,
				D99F178C1BAB947E00604558 /* Secrets.plist in Resources */,
				D99F178A1BAB946800604558 /* Branding.plist in Resources */,
				D93EFA8923596BCA007474EC /* OTRMessageNewDeviceCell.xib in Resources */,
				D99F17881BAB936100604558 /* Localizable.strings in Resources */,
				92CC68BF1F42F0710006CDF8 /* OTRComposeGroup.storyboard in Resources */,
				D93EFA8623596BCA007474EC /* ServerCapabilityTableViewCell.xib in Resources */,
				9224A5F3207E3BD800A044BF /* JoinRoomView.xib in Resources */,
				9251C34E1F35CC44003ACE4A /* ios-icon-font.ttf in Resources */,
				D99F17861BAB932800604558 /* OTRImages.xcassets in Resources */,
				D99F17921BABA84600604558 /* OTRUsernameCell.xib in Resources */,
				D93EFA8A23596BCA007474EC /* SingleButtonTableViewCell.xib in Resources */,
				D99F17911BABA84600604558 /* XMPPServerInfoCell.xib in Resources */,
				D93EFA8123596BCA007474EC /* OTRComposeGroupBuddyCell.xib in Resources */,
				D99F17931BABA85D00604558 /* Onboarding.storyboard in Resources */,
				9251C3051F345DD5003ACE4A /* OTRRoomOccupants.storyboard in Resources */,
				D93EFA8E235971E2007474EC /* Purchase.storyboard in Resources */,
				D9315CAE1BB600450077D2EE /* AddFriendsView.xib in Resources */,
				D97070921EEF382D004FEBDE /* MediaDownloadView.xib in Resources */,
				D93EFA8423596BCA007474EC /* OMEMODeviceFingerprintCell.xib in Resources */,
				D93EFA8523596BCA007474EC /* PushAccountTableViewCell.xib in Resources */,
				924F68591EA7A31A00528FB6 /* MigratedBuddyHeaderView.xib in Resources */,
				D93EFA8823596BCA007474EC /* UserInfoProfileCell.xib in Resources */,
				D93EFA8723596BCA007474EC /* TwoButtonTableViewCell.xib in Resources */,
				8F56C3272EBE7F45BC8F925A /* OTRMessagesLoadingView.xib in Resources */,
			);
			runOnlyForDeploymentPostprocessing = 0;
		};
/* End PBXResourcesBuildPhase section */

/* Begin PBXShellScriptBuildPhase section */
		26A8ED395C5418B361347335 /* [CP] Check Pods Manifest.lock */ = {
			isa = PBXShellScriptBuildPhase;
			buildActionMask = 2147483647;
			files = (
			);
			inputPaths = (
				"${PODS_PODFILE_DIR_PATH}/Podfile.lock",
				"${PODS_ROOT}/Manifest.lock",
			);
			name = "[CP] Check Pods Manifest.lock";
			outputPaths = (
				"$(DERIVED_FILE_DIR)/Pods-ChatSecureCorePods-ChatSecure-checkManifestLockResult.txt",
			);
			runOnlyForDeploymentPostprocessing = 0;
			shellPath = /bin/sh;
			shellScript = "diff \"${PODS_PODFILE_DIR_PATH}/Podfile.lock\" \"${PODS_ROOT}/Manifest.lock\" > /dev/null\nif [ $? != 0 ] ; then\n    # print error to STDERR\n    echo \"error: The sandbox is not in sync with the Podfile.lock. Run 'pod install' or update your CocoaPods installation.\" >&2\n    exit 1\nfi\n# This output is used by Xcode 'outputs' to avoid re-running this script phase.\necho \"SUCCESS\" > \"${SCRIPT_OUTPUT_FILE_0}\"\n";
			showEnvVarsInLog = 0;
		};
		3CDE4234E348F4E767DA1980 /* [CP] Copy Pods Resources */ = {
			isa = PBXShellScriptBuildPhase;
			buildActionMask = 2147483647;
			files = (
			);
			inputFileListPaths = (
				"${PODS_ROOT}/Target Support Files/Pods-ChatSecureCorePods-ChatSecureTests/Pods-ChatSecureCorePods-ChatSecureTests-resources-${CONFIGURATION}-input-files.xcfilelist",
			);
			name = "[CP] Copy Pods Resources";
			outputFileListPaths = (
				"${PODS_ROOT}/Target Support Files/Pods-ChatSecureCorePods-ChatSecureTests/Pods-ChatSecureCorePods-ChatSecureTests-resources-${CONFIGURATION}-output-files.xcfilelist",
			);
			runOnlyForDeploymentPostprocessing = 0;
			shellPath = /bin/sh;
			shellScript = "\"${PODS_ROOT}/Target Support Files/Pods-ChatSecureCorePods-ChatSecureTests/Pods-ChatSecureCorePods-ChatSecureTests-resources.sh\"\n";
			showEnvVarsInLog = 0;
		};
		42829843B1DFA068A70F83E8 /* [CP] Copy Pods Resources */ = {
			isa = PBXShellScriptBuildPhase;
			buildActionMask = 2147483647;
			files = (
			);
			inputFileListPaths = (
				"${PODS_ROOT}/Target Support Files/Pods-ChatSecureCorePods-ChatSecure/Pods-ChatSecureCorePods-ChatSecure-resources-${CONFIGURATION}-input-files.xcfilelist",
			);
			name = "[CP] Copy Pods Resources";
			outputFileListPaths = (
				"${PODS_ROOT}/Target Support Files/Pods-ChatSecureCorePods-ChatSecure/Pods-ChatSecureCorePods-ChatSecure-resources-${CONFIGURATION}-output-files.xcfilelist",
			);
			runOnlyForDeploymentPostprocessing = 0;
			shellPath = /bin/sh;
			shellScript = "\"${PODS_ROOT}/Target Support Files/Pods-ChatSecureCorePods-ChatSecure/Pods-ChatSecureCorePods-ChatSecure-resources.sh\"\n";
			showEnvVarsInLog = 0;
		};
		77A00DC28BB2926A0668095F /* [CP] Check Pods Manifest.lock */ = {
			isa = PBXShellScriptBuildPhase;
			buildActionMask = 2147483647;
			files = (
			);
			inputPaths = (
				"${PODS_PODFILE_DIR_PATH}/Podfile.lock",
				"${PODS_ROOT}/Manifest.lock",
			);
			name = "[CP] Check Pods Manifest.lock";
			outputPaths = (
				"$(DERIVED_FILE_DIR)/Pods-ChatSecureCorePods-ChatSecureTests-checkManifestLockResult.txt",
			);
			runOnlyForDeploymentPostprocessing = 0;
			shellPath = /bin/sh;
			shellScript = "diff \"${PODS_PODFILE_DIR_PATH}/Podfile.lock\" \"${PODS_ROOT}/Manifest.lock\" > /dev/null\nif [ $? != 0 ] ; then\n    # print error to STDERR\n    echo \"error: The sandbox is not in sync with the Podfile.lock. Run 'pod install' or update your CocoaPods installation.\" >&2\n    exit 1\nfi\n# This output is used by Xcode 'outputs' to avoid re-running this script phase.\necho \"SUCCESS\" > \"${SCRIPT_OUTPUT_FILE_0}\"\n";
			showEnvVarsInLog = 0;
		};
		D92F96D821BA1E7A0056EA35 /* LicensePlist */ = {
			isa = PBXShellScriptBuildPhase;
			buildActionMask = 2147483647;
			files = (
			);
			inputFileListPaths = (
			);
			inputPaths = (
			);
			name = LicensePlist;
			outputFileListPaths = (
			);
			outputPaths = (
			);
			runOnlyForDeploymentPostprocessing = 0;
			shellPath = /bin/sh;
			shellScript = "if [ $CONFIGURATION = \"Debug\" ]; then\n${PODS_ROOT}/LicensePlist/license-plist --output-path $PRODUCT_NAME/Settings.bundle --add-version-numbers --suppress-opening-directory || true\nfi\n";
		};
/* End PBXShellScriptBuildPhase section */

/* Begin PBXSourcesBuildPhase section */
		6365CEF81E2453F6009E213F /* Sources */ = {
			isa = PBXSourcesBuildPhase;
			buildActionMask = 2147483647;
			files = (
				6365CEFF1E2453F6009E213F /* ChatSecureUITests.swift in Sources */,
				632157DD1E57D01A00738D4E /* SnapshotHelper.swift in Sources */,
			);
			runOnlyForDeploymentPostprocessing = 0;
		};
		6396AF961A169D54009F3E6C /* Sources */ = {
			isa = PBXSourcesBuildPhase;
			buildActionMask = 2147483647;
			files = (
				D9B3EC221FA196CE00E63C7F /* AppDelegate.swift in Sources */,
			);
			runOnlyForDeploymentPostprocessing = 0;
		};
		6396AFAF1A169D54009F3E6C /* Sources */ = {
			isa = PBXSourcesBuildPhase;
			buildActionMask = 2147483647;
			files = (
				636767E91D83562700432B48 /* TestXMPPAccount.swift in Sources */,
				6323C6FE1E39547200D0FB42 /* OTRImageTest.swift in Sources */,
				635E51AB1DA83AF0002B70AB /* OTRTestDatabase.swift in Sources */,
				63F614DC1BB214660083A06A /* ChatSecureModelTest.swift in Sources */,
				63917C3E1DFA20D900341D96 /* OTRModelTest.swift in Sources */,
				D936D6CB1E8B1B34003B1343 /* FileTransferTests.swift in Sources */,
				63F0CAFB1E60C1B40045359C /* OTRYapViewTest.swift in Sources */,
				63B578641D51600300D80ED3 /* OTRSignalTest.swift in Sources */,
				639120931D8CA1E200F4100E /* OTROmemoStorageTest.swift in Sources */,
				63DDD8B51A9E94B700C0A918 /* OTRMediaTests.m in Sources */,
				635E51A91DA82A4E002B70AB /* OTROMEMOTestModule.swift in Sources */,
				635FCC871D1B57ED008F903C /* OTRURLTests.m in Sources */,
				63634CE91DA704AA00B0BAE8 /* OTROMEMOIntegrationTest.swift in Sources */,
				D91F9EFE1ED645F100AEA62C /* FileTransferIntegrationTests.swift in Sources */,
				635FCC841D1B5116008F903C /* OTRStringTests.swift in Sources */,
				63E353B21BB9D0CF005C54C3 /* PushSerializerTest.swift in Sources */,
			);
			runOnlyForDeploymentPostprocessing = 0;
		};
		D93027521BAA381F000CC975 /* Sources */ = {
			isa = PBXSourcesBuildPhase;
			buildActionMask = 2147483647;
			files = (
			);
			runOnlyForDeploymentPostprocessing = 0;
		};
/* End PBXSourcesBuildPhase section */

/* Begin PBXTargetDependency section */
		6365CF021E2453F6009E213F /* PBXTargetDependency */ = {
			isa = PBXTargetDependency;
			target = 6396AF991A169D54009F3E6C /* ChatSecure */;
			targetProxy = 6365CF011E2453F6009E213F /* PBXContainerItemProxy */;
		};
		6396AFB51A169D54009F3E6C /* PBXTargetDependency */ = {
			isa = PBXTargetDependency;
			target = 6396AF991A169D54009F3E6C /* ChatSecure */;
			targetProxy = 6396AFB41A169D54009F3E6C /* PBXContainerItemProxy */;
		};
		D99F17901BAB9CD400604558 /* PBXTargetDependency */ = {
			isa = PBXTargetDependency;
			target = D93027551BAA381F000CC975 /* OTRResources */;
			targetProxy = D99F178F1BAB9CD400604558 /* PBXContainerItemProxy */;
		};
/* End PBXTargetDependency section */

/* Begin PBXVariantGroup section */
		633104D61A169EC800C17BAE /* Localizable.strings */ = {
			isa = PBXVariantGroup;
			children = (
				633104D51A169EC800C17BAE /* Base */,
				633104D81A169F0E00C17BAE /* de */,
				633104DA1A169FF900C17BAE /* ar */,
				633104DB1A16A00800C17BAE /* bo */,
				633104DC1A16A01D00C17BAE /* ca */,
				633104DD1A16A03100C17BAE /* da-DK */,
				633104DE1A16A04000C17BAE /* el */,
				633104DF1A16A04B00C17BAE /* es */,
				633104E01A16A07400C17BAE /* fa-IR */,
				633104E11A16A07C00C17BAE /* fr */,
				633104E21A16A08B00C17BAE /* he */,
				633104E31A16A09600C17BAE /* hu */,
				633104E41A16A0B500C17BAE /* id */,
				633104E51A16A0C200C17BAE /* it */,
				633104E61A16A0C800C17BAE /* ja */,
				633104E71A16A0DD00C17BAE /* nl-NL */,
				633104E81A16A19A00C17BAE /* pl */,
				633104E91A16A1A800C17BAE /* pt-PT */,
				633104EA1A16A1B700C17BAE /* pt-BR */,
				633104EB1A16A1C800C17BAE /* ro-RO */,
				633104EC1A16A1D200C17BAE /* ru */,
				633104ED1A16A1DB00C17BAE /* sk */,
				633104EE1A16A1F700C17BAE /* sl-SI */,
				633104EF1A16A20200C17BAE /* sl */,
				633104F01A16A21E00C17BAE /* sv */,
				633104F11A16A22800C17BAE /* tr */,
				633104F21A16A23700C17BAE /* uz */,
				633104F31A16A24300C17BAE /* vi */,
				633104F51A16A29B00C17BAE /* zh-Hans-CN */,
				633104F61A16A35500C17BAE /* nb-NO */,
				633104F71A16AACB00C17BAE /* zh-Hant-TW */,
			);
			name = Localizable.strings;
			path = Localizations;
			sourceTree = "<group>";
		};
/* End PBXVariantGroup section */

/* Begin XCBuildConfiguration section */
		6365CF041E2453F6009E213F /* Debug */ = {
			isa = XCBuildConfiguration;
			buildSettings = {
				ALWAYS_EMBED_SWIFT_STANDARD_LIBRARIES = YES;
				CLANG_ANALYZER_NONNULL = YES;
				CLANG_WARN_DOCUMENTATION_COMMENTS = YES;
				DEBUG_INFORMATION_FORMAT = dwarf;
				DEVELOPMENT_TEAM = SF3NXKQQ64;
				GCC_PREPROCESSOR_DEFINITIONS = (
					"$(inherited)",
					"COCOAPODS=1",
					"$(inherited)",
					"SQLITE_HAS_CODEC=1",
				);
				INFOPLIST_FILE = ChatSecureUITests/Info.plist;
				IPHONEOS_DEPLOYMENT_TARGET = 10.2;
				LD_RUNPATH_SEARCH_PATHS = (
					"$(inherited)",
					"@executable_path/Frameworks",
					"@loader_path/Frameworks",
				);
				PRODUCT_BUNDLE_IDENTIFIER = com.chrisballinger.ChatSecure.ChatSecureUITests;
				PRODUCT_NAME = "$(TARGET_NAME)";
				SWIFT_ACTIVE_COMPILATION_CONDITIONS = DEBUG;
				TEST_TARGET_NAME = ChatSecure;
			};
			name = Debug;
		};
		6365CF051E2453F6009E213F /* Release */ = {
			isa = XCBuildConfiguration;
			buildSettings = {
				ALWAYS_EMBED_SWIFT_STANDARD_LIBRARIES = YES;
				CLANG_ANALYZER_NONNULL = YES;
				CLANG_WARN_DOCUMENTATION_COMMENTS = YES;
				COPY_PHASE_STRIP = NO;
				DEBUG_INFORMATION_FORMAT = "dwarf-with-dsym";
				DEVELOPMENT_TEAM = SF3NXKQQ64;
				INFOPLIST_FILE = ChatSecureUITests/Info.plist;
				IPHONEOS_DEPLOYMENT_TARGET = 10.2;
				LD_RUNPATH_SEARCH_PATHS = (
					"$(inherited)",
					"@executable_path/Frameworks",
					"@loader_path/Frameworks",
				);
				PRODUCT_BUNDLE_IDENTIFIER = com.chrisballinger.ChatSecure.ChatSecureUITests;
				PRODUCT_NAME = "$(TARGET_NAME)";
				TEST_TARGET_NAME = ChatSecure;
			};
			name = Release;
		};
		6396AFBB1A169D54009F3E6C /* Debug */ = {
			isa = XCBuildConfiguration;
			buildSettings = {
				ALWAYS_SEARCH_USER_PATHS = NO;
				CLANG_ANALYZER_LOCALIZABILITY_NONLOCALIZED = YES;
				CLANG_CXX_LANGUAGE_STANDARD = "gnu++0x";
				CLANG_CXX_LIBRARY = "libc++";
				CLANG_ENABLE_MODULES = YES;
				CLANG_ENABLE_OBJC_ARC = YES;
				CLANG_WARN_BLOCK_CAPTURE_AUTORELEASING = YES;
				CLANG_WARN_BOOL_CONVERSION = YES;
				CLANG_WARN_COMMA = YES;
				CLANG_WARN_CONSTANT_CONVERSION = YES;
				CLANG_WARN_DEPRECATED_OBJC_IMPLEMENTATIONS = YES;
				CLANG_WARN_DIRECT_OBJC_ISA_USAGE = YES_ERROR;
				CLANG_WARN_EMPTY_BODY = YES;
				CLANG_WARN_ENUM_CONVERSION = YES;
				CLANG_WARN_INFINITE_RECURSION = YES;
				CLANG_WARN_INT_CONVERSION = YES;
				CLANG_WARN_NON_LITERAL_NULL_CONVERSION = YES;
				CLANG_WARN_OBJC_IMPLICIT_RETAIN_SELF = YES;
				CLANG_WARN_OBJC_LITERAL_CONVERSION = YES;
				CLANG_WARN_OBJC_ROOT_CLASS = YES_ERROR;
				CLANG_WARN_RANGE_LOOP_ANALYSIS = YES;
				CLANG_WARN_STRICT_PROTOTYPES = NO;
				CLANG_WARN_SUSPICIOUS_MOVE = YES;
				CLANG_WARN_UNREACHABLE_CODE = YES;
				CLANG_WARN__DUPLICATE_METHOD_MATCH = YES;
				"CODE_SIGN_IDENTITY[sdk=iphoneos*]" = "iPhone Developer";
				COPY_PHASE_STRIP = NO;
				ENABLE_BITCODE = NO;
				ENABLE_STRICT_OBJC_MSGSEND = YES;
				ENABLE_TESTABILITY = YES;
				GCC_C_LANGUAGE_STANDARD = gnu99;
				GCC_DYNAMIC_NO_PIC = NO;
				GCC_NO_COMMON_BLOCKS = YES;
				GCC_OPTIMIZATION_LEVEL = 0;
				GCC_PREPROCESSOR_DEFINITIONS = (
					"DEBUG=1",
					"$(inherited)",
				);
				GCC_SYMBOLS_PRIVATE_EXTERN = NO;
				GCC_WARN_64_TO_32_BIT_CONVERSION = YES;
				GCC_WARN_ABOUT_RETURN_TYPE = YES_ERROR;
				GCC_WARN_UNDECLARED_SELECTOR = YES;
				GCC_WARN_UNINITIALIZED_AUTOS = YES_AGGRESSIVE;
				GCC_WARN_UNUSED_FUNCTION = YES;
				GCC_WARN_UNUSED_VARIABLE = YES;
				IPHONEOS_DEPLOYMENT_TARGET = 9.0;
				MTL_ENABLE_DEBUG_INFO = YES;
				ONLY_ACTIVE_ARCH = YES;
				OTHER_SWIFT_FLAGS = "-D DEBUG";
				PROVISIONING_PROFILE = "";
				SDKROOT = iphoneos;
				STRIP_INSTALLED_PRODUCT = NO;
				STRIP_STYLE = debugging;
				SWIFT_OPTIMIZATION_LEVEL = "-Onone";
				SWIFT_VERSION = 5.0;
				TARGETED_DEVICE_FAMILY = "1,2";
			};
			name = Debug;
		};
		6396AFBC1A169D54009F3E6C /* Release */ = {
			isa = XCBuildConfiguration;
			buildSettings = {
				ALWAYS_SEARCH_USER_PATHS = NO;
				CLANG_ANALYZER_LOCALIZABILITY_NONLOCALIZED = YES;
				CLANG_CXX_LANGUAGE_STANDARD = "gnu++0x";
				CLANG_CXX_LIBRARY = "libc++";
				CLANG_ENABLE_MODULES = YES;
				CLANG_ENABLE_OBJC_ARC = YES;
				CLANG_WARN_BLOCK_CAPTURE_AUTORELEASING = YES;
				CLANG_WARN_BOOL_CONVERSION = YES;
				CLANG_WARN_COMMA = YES;
				CLANG_WARN_CONSTANT_CONVERSION = YES;
				CLANG_WARN_DEPRECATED_OBJC_IMPLEMENTATIONS = YES;
				CLANG_WARN_DIRECT_OBJC_ISA_USAGE = YES_ERROR;
				CLANG_WARN_EMPTY_BODY = YES;
				CLANG_WARN_ENUM_CONVERSION = YES;
				CLANG_WARN_INFINITE_RECURSION = YES;
				CLANG_WARN_INT_CONVERSION = YES;
				CLANG_WARN_NON_LITERAL_NULL_CONVERSION = YES;
				CLANG_WARN_OBJC_IMPLICIT_RETAIN_SELF = YES;
				CLANG_WARN_OBJC_LITERAL_CONVERSION = YES;
				CLANG_WARN_OBJC_ROOT_CLASS = YES_ERROR;
				CLANG_WARN_RANGE_LOOP_ANALYSIS = YES;
				CLANG_WARN_STRICT_PROTOTYPES = NO;
				CLANG_WARN_SUSPICIOUS_MOVE = YES;
				CLANG_WARN_UNREACHABLE_CODE = YES;
				CLANG_WARN__DUPLICATE_METHOD_MATCH = YES;
				"CODE_SIGN_IDENTITY[sdk=iphoneos*]" = "iPhone Developer";
				ENABLE_BITCODE = NO;
				ENABLE_NS_ASSERTIONS = NO;
				ENABLE_STRICT_OBJC_MSGSEND = YES;
				GCC_C_LANGUAGE_STANDARD = gnu99;
				GCC_NO_COMMON_BLOCKS = YES;
				GCC_WARN_64_TO_32_BIT_CONVERSION = YES;
				GCC_WARN_ABOUT_RETURN_TYPE = YES_ERROR;
				GCC_WARN_UNDECLARED_SELECTOR = YES;
				GCC_WARN_UNINITIALIZED_AUTOS = YES_AGGRESSIVE;
				GCC_WARN_UNUSED_FUNCTION = YES;
				GCC_WARN_UNUSED_VARIABLE = YES;
				IPHONEOS_DEPLOYMENT_TARGET = 9.0;
				MTL_ENABLE_DEBUG_INFO = NO;
				PROVISIONING_PROFILE = "";
				SDKROOT = iphoneos;
				STRIP_INSTALLED_PRODUCT = YES;
				STRIP_STYLE = debugging;
				SWIFT_COMPILATION_MODE = wholemodule;
				SWIFT_OPTIMIZATION_LEVEL = "-O";
				SWIFT_VERSION = 5.0;
				TARGETED_DEVICE_FAMILY = "1,2";
				VALIDATE_PRODUCT = YES;
			};
			name = Release;
		};
		6396AFBE1A169D54009F3E6C /* Debug */ = {
			isa = XCBuildConfiguration;
			baseConfigurationReference = DE32B878BAC9A236855EAF6E /* Pods-ChatSecureCorePods-ChatSecure.debug.xcconfig */;
			buildSettings = {
				ASSETCATALOG_COMPILER_APPICON_NAME = AppIcon;
				BUNDLE_DISPLAY_NAME_SUFFIX = "";
				BUNDLE_ID_SUFFIX = "";
				CLANG_ALLOW_NON_MODULAR_INCLUDES_IN_FRAMEWORK_MODULES = YES;
				CLANG_ENABLE_MODULES = YES;
				COCOAPODS_PARALLEL_CODE_SIGN = true;
				CODE_SIGN_ENTITLEMENTS = ChatSecure/ChatSecure.entitlements;
				CODE_SIGN_IDENTITY = "iPhone Developer";
				"CODE_SIGN_IDENTITY[sdk=iphoneos*]" = "iPhone Developer";
				CODE_SIGN_STYLE = Automatic;
				CURRENT_PROJECT_VERSION = 144;
				DEVELOPMENT_TEAM = "";
				FRAMEWORK_SEARCH_PATHS = "$(inherited)";
				GCC_PREPROCESSOR_DEFINITIONS = (
					"$(inherited)",
					"COCOAPODS=1",
					"$(inherited)",
					"SQLITE_HAS_CODEC=1",
				);
				INFOPLIST_FILE = ChatSecure/Info.plist;
				IPHONEOS_DEPLOYMENT_TARGET = 9.0;
				LD_RUNPATH_SEARCH_PATHS = (
					"$(inherited)",
					"@executable_path/Frameworks",
				);
				MARKETING_VERSION = 4.3.10;
				PRODUCT_BUNDLE_IDENTIFIER = com.chrisballinger.ChatSecure;
				PRODUCT_NAME = "$(TARGET_NAME)";
				PROVISIONING_PROFILE = "";
				PROVISIONING_PROFILE_SPECIFIER = "";
				SWIFT_OPTIMIZATION_LEVEL = "-Onone";
			};
			name = Debug;
		};
		6396AFBF1A169D54009F3E6C /* Release */ = {
			isa = XCBuildConfiguration;
			baseConfigurationReference = 7A62FCE8FEC1E7C9644F8C38 /* Pods-ChatSecureCorePods-ChatSecure.release.xcconfig */;
			buildSettings = {
				ASSETCATALOG_COMPILER_APPICON_NAME = AppIcon;
				BUNDLE_DISPLAY_NAME_SUFFIX = "";
				BUNDLE_ID_SUFFIX = "";
				CLANG_ALLOW_NON_MODULAR_INCLUDES_IN_FRAMEWORK_MODULES = YES;
				CLANG_ENABLE_MODULES = YES;
				COCOAPODS_PARALLEL_CODE_SIGN = true;
				CODE_SIGN_ENTITLEMENTS = ChatSecure/ChatSecure.entitlements;
				CODE_SIGN_IDENTITY = "iPhone Developer";
				"CODE_SIGN_IDENTITY[sdk=iphoneos*]" = "iPhone Developer";
				CODE_SIGN_STYLE = Automatic;
				CURRENT_PROJECT_VERSION = 144;
				DEVELOPMENT_TEAM = "";
				FRAMEWORK_SEARCH_PATHS = "$(inherited)";
				GCC_PREPROCESSOR_DEFINITIONS = (
					"$(inherited)",
					"COCOAPODS=1",
					"$(inherited)",
					"SQLITE_HAS_CODEC=1",
				);
				INFOPLIST_FILE = ChatSecure/Info.plist;
				IPHONEOS_DEPLOYMENT_TARGET = 9.0;
				LD_RUNPATH_SEARCH_PATHS = (
					"$(inherited)",
					"@executable_path/Frameworks",
				);
				MARKETING_VERSION = 4.3.10;
				PRODUCT_BUNDLE_IDENTIFIER = com.chrisballinger.ChatSecure;
				PRODUCT_NAME = "$(TARGET_NAME)";
				PROVISIONING_PROFILE = "";
				PROVISIONING_PROFILE_SPECIFIER = "";
			};
			name = Release;
		};
		6396AFC11A169D54009F3E6C /* Debug */ = {
			isa = XCBuildConfiguration;
			baseConfigurationReference = 962ED3D89B1F330A2A34928B /* Pods-ChatSecureCorePods-ChatSecureTests.debug.xcconfig */;
			buildSettings = {
				CLANG_ENABLE_MODULES = YES;
				CODE_SIGN_IDENTITY = "iPhone Developer";
				"CODE_SIGN_IDENTITY[sdk=iphoneos*]" = "iPhone Developer";
				DEVELOPMENT_TEAM = 4T8JLQR6GR;
				FRAMEWORK_SEARCH_PATHS = (
					"$(inherited)",
					"$(PROJECT_DIR)/Carthage/Build/iOS",
				);
				GCC_PREPROCESSOR_DEFINITIONS = (
					"DEBUG=1",
					"$(inherited)",
				);
				INFOPLIST_FILE = ChatSecureTests/Info.plist;
				LD_RUNPATH_SEARCH_PATHS = (
					"$(inherited)",
					"@executable_path/Frameworks",
					"@loader_path/Frameworks",
				);
				PRODUCT_BUNDLE_IDENTIFIER = "com.chrisballinger.$(PRODUCT_NAME:rfc1034identifier)";
				PRODUCT_NAME = "$(TARGET_NAME)";
				PROVISIONING_PROFILE = "";
				SWIFT_OBJC_BRIDGING_HEADER = "ChatSecureTests/ChatSecureTests-Bridging-Header.h";
			};
			name = Debug;
		};
		6396AFC21A169D54009F3E6C /* Release */ = {
			isa = XCBuildConfiguration;
			baseConfigurationReference = 702F03DE10003A33635A366F /* Pods-ChatSecureCorePods-ChatSecureTests.release.xcconfig */;
			buildSettings = {
				CLANG_ENABLE_MODULES = YES;
				"CODE_SIGN_IDENTITY[sdk=iphoneos*]" = "iPhone Developer";
				DEVELOPMENT_TEAM = 4T8JLQR6GR;
				FRAMEWORK_SEARCH_PATHS = (
					"$(inherited)",
					"$(PROJECT_DIR)/Carthage/Build/iOS",
				);
				INFOPLIST_FILE = ChatSecureTests/Info.plist;
				LD_RUNPATH_SEARCH_PATHS = (
					"$(inherited)",
					"@executable_path/Frameworks",
					"@loader_path/Frameworks",
				);
				PRODUCT_BUNDLE_IDENTIFIER = "com.chrisballinger.$(PRODUCT_NAME:rfc1034identifier)";
				PRODUCT_NAME = "$(TARGET_NAME)";
				SWIFT_OBJC_BRIDGING_HEADER = "ChatSecureTests/ChatSecureTests-Bridging-Header.h";
			};
			name = Release;
		};
		D93027591BAA381F000CC975 /* Debug */ = {
			isa = XCBuildConfiguration;
			buildSettings = {
				"CODE_SIGN_IDENTITY[sdk=iphoneos*]" = "iPhone Developer";
				COMBINE_HIDPI_IMAGES = YES;
				DEVELOPMENT_TEAM = 4T8JLQR6GR;
				GCC_NO_COMMON_BLOCKS = YES;
				INFOPLIST_FILE = OTRResources/Info.plist;
				INSTALL_PATH = "$(LOCAL_LIBRARY_DIR)/Bundles";
				MACOSX_DEPLOYMENT_TARGET = 10.11;
				PRODUCT_BUNDLE_IDENTIFIER = org.chatsecure.OTRResources;
				PRODUCT_NAME = "$(TARGET_NAME)";
				SDKROOT = iphoneos;
				SKIP_INSTALL = YES;
				WRAPPER_EXTENSION = bundle;
			};
			name = Debug;
		};
		D930275A1BAA381F000CC975 /* Release */ = {
			isa = XCBuildConfiguration;
			buildSettings = {
				"CODE_SIGN_IDENTITY[sdk=iphoneos*]" = "iPhone Developer";
				COMBINE_HIDPI_IMAGES = YES;
				COPY_PHASE_STRIP = NO;
				DEVELOPMENT_TEAM = 4T8JLQR6GR;
				GCC_NO_COMMON_BLOCKS = YES;
				INFOPLIST_FILE = OTRResources/Info.plist;
				INSTALL_PATH = "$(LOCAL_LIBRARY_DIR)/Bundles";
				MACOSX_DEPLOYMENT_TARGET = 10.11;
				PRODUCT_BUNDLE_IDENTIFIER = org.chatsecure.OTRResources;
				PRODUCT_NAME = "$(TARGET_NAME)";
				SDKROOT = iphoneos;
				SKIP_INSTALL = YES;
				WRAPPER_EXTENSION = bundle;
			};
			name = Release;
		};
/* End XCBuildConfiguration section */

/* Begin XCConfigurationList section */
		6365CF031E2453F6009E213F /* Build configuration list for PBXNativeTarget "ChatSecureUITests" */ = {
			isa = XCConfigurationList;
			buildConfigurations = (
				6365CF041E2453F6009E213F /* Debug */,
				6365CF051E2453F6009E213F /* Release */,
			);
			defaultConfigurationIsVisible = 0;
			defaultConfigurationName = Release;
		};
		6396AF951A169D54009F3E6C /* Build configuration list for PBXProject "ChatSecure" */ = {
			isa = XCConfigurationList;
			buildConfigurations = (
				6396AFBB1A169D54009F3E6C /* Debug */,
				6396AFBC1A169D54009F3E6C /* Release */,
			);
			defaultConfigurationIsVisible = 0;
			defaultConfigurationName = Release;
		};
		6396AFBD1A169D54009F3E6C /* Build configuration list for PBXNativeTarget "ChatSecure" */ = {
			isa = XCConfigurationList;
			buildConfigurations = (
				6396AFBE1A169D54009F3E6C /* Debug */,
				6396AFBF1A169D54009F3E6C /* Release */,
			);
			defaultConfigurationIsVisible = 0;
			defaultConfigurationName = Release;
		};
		6396AFC01A169D54009F3E6C /* Build configuration list for PBXNativeTarget "ChatSecureTests" */ = {
			isa = XCConfigurationList;
			buildConfigurations = (
				6396AFC11A169D54009F3E6C /* Debug */,
				6396AFC21A169D54009F3E6C /* Release */,
			);
			defaultConfigurationIsVisible = 0;
			defaultConfigurationName = Release;
		};
		D930275C1BAA381F000CC975 /* Build configuration list for PBXNativeTarget "OTRResources" */ = {
			isa = XCConfigurationList;
			buildConfigurations = (
				D93027591BAA381F000CC975 /* Debug */,
				D930275A1BAA381F000CC975 /* Release */,
			);
			defaultConfigurationIsVisible = 0;
			defaultConfigurationName = Release;
		};
/* End XCConfigurationList section */
	};
	rootObject = 6396AF921A169D54009F3E6C /* Project object */;
}
