PODS:
  - AFNetworking (2.5.1):
    - AFNetworking/NSURLConnection (= 2.5.1)
    - AFNetworking/NSURLSession (= 2.5.1)
    - AFNetworking/Reachability (= 2.5.1)
    - AFNetworking/Security (= 2.5.1)
    - AFNetworking/Serialization (= 2.5.1)
    - AFNetworking/UIKit (= 2.5.1)
  - AFNetworking/NSURLConnection (2.5.1):
    - AFNetworking/Reachability
    - AFNetworking/Security
    - AFNetworking/Serialization
  - AFNetworking/NSURLSession (2.5.1):
    - AFNetworking/Reachability
    - AFNetworking/Security
    - AFNetworking/Serialization
  - AFNetworking/Reachability (2.5.1)
  - AFNetworking/Security (2.5.1)
  - AFNetworking/Serialization (2.5.1)
  - AFNetworking/UIKit (2.5.1):
    - AFNetworking/NSURLConnection
    - AFNetworking/NSURLSession
  - Appirater (2.0.4)
  - ARChromeActivity (1.0.4)
  - BBlock (1.2.0):
    - BBlock/AppKit (= 1.2.0)
    - BBlock/Foundation (= 1.2.0)
    - BBlock/StoreKit (= 1.2.0)
    - BBlock/UIKit (= 1.2.0)
  - BBlock/Foundation (1.2.0)
  - BBlock/StoreKit (1.2.0)
  - BBlock/UIKit (1.2.0)
  - BButton (4.0.2)
  - CocoaAsyncSocket (7.4.1)
  - CocoaLumberjack (1.9.2):
    - CocoaLumberjack/Extensions (= 1.9.2)
  - CocoaLumberjack/Core (1.9.2)
  - CocoaLumberjack/Extensions (1.9.2):
    - CocoaLumberjack/Core
  - CPAProxy (1.0.0):
    - CocoaAsyncSocket
  - CRToast (0.0.7)
  - GCDWebServer (3.2.2):
    - GCDWebServer/Core (= 3.2.2)
  - GCDWebServer/Core (3.2.2)
  - gtm-http-fetcher (1.0.141)
  - gtm-oauth2 (1.0.126):
    - gtm-http-fetcher
  - HockeySDK (3.6.2)
  - IOCipher/common (0.1.0):
    - libsqlfs/SQLCipher
  - IOCipher/GCDWebServer (0.1.0):
    - GCDWebServer
    - IOCipher/common
  - JSQMessagesViewController (7.0.0):
    - JSQSystemSoundPlayer (~> 2.0.1)
  - JSQSystemSoundPlayer (2.0.1)
  - JTSImageViewController (1.4)
  - JTTargetActionBlock (1.0.0)
  - JVFloatLabeledTextField (1.0.2)
  - libsqlfs/common (1.3)
  - libsqlfs/SQLCipher (1.3):
    - libsqlfs/common
    - SQLCipher/fts
  - MagicalRecord (2.2):
    - MagicalRecord/Core (= 2.2)
  - MagicalRecord/Core (2.2)
  - Mantle (1.5.4):
    - Mantle/extobjc (= 1.5.4)
  - Mantle/extobjc (1.5.4)
  - MBProgressHUD (0.9.1)
  - MWFeedParser (1.0.1):
    - MWFeedParser/FeedParser (= 1.0.1)
    - MWFeedParser/NSDate+InternetDateTime (= 1.0.1)
    - MWFeedParser/NSString+HTML (= 1.0.1)
  - MWFeedParser/FeedParser (1.0.1):
    - MWFeedParser/NSDate+InternetDateTime
    - MWFeedParser/NSString+HTML
  - MWFeedParser/NSDate+InternetDateTime (1.0.1)
  - MWFeedParser/NSString+HTML (1.0.1)
  - Navajo (0.0.1)
  - OpenInChrome (0.0.1)
  - OTRKit (1.0.0)
  - ProxyKit/Client (1.0.2):
    - ProxyKit/common
  - ProxyKit/common (1.0.2):
    - CocoaAsyncSocket (~> 7.3)
    - CocoaLumberjack (~> 1.9)
  - PureLayout (2.0.5)
  - RMStepsController (1.0.2)
  - SIAlertView (1.3)
  - SQLCipher/common (3.1.0)
  - SQLCipher/fts (3.1.0):
    - SQLCipher/common
  - SSKeychain (1.2.2)
  - TTTAttributedLabel (1.13.3)
  - TUSafariActivity (1.0.4)
  - UIAlertView-Blocks (1.0)
  - uservoice-iphone-sdk (3.2.3)
  - VTAcknowledgementsViewController (0.13)
  - XMPPFramework (3.6.4):
    - XMPPFramework/All (= 3.6.4)
  - XMPPFramework/All (3.6.4):
    - XMPPFramework/Authentication
    - XMPPFramework/BandwidthMonitor
    - XMPPFramework/Categories
    - XMPPFramework/CoreDataStorage
    - XMPPFramework/GoogleSharedStatus
    - XMPPFramework/ProcessOne
    - XMPPFramework/Reconnect
    - XMPPFramework/Roster
    - XMPPFramework/SystemInputActivityMonitor
    - XMPPFramework/Utilities
    - XMPPFramework/XEP-0009
    - XMPPFramework/XEP-0012
    - XMPPFramework/XEP-0016
    - XMPPFramework/XEP-0045
    - XMPPFramework/XEP-0054
    - XMPPFramework/XEP-0059
    - XMPPFramework/XEP-0060
    - XMPPFramework/XEP-0065
    - XMPPFramework/XEP-0066
    - XMPPFramework/XEP-0082
    - XMPPFramework/XEP-0085
    - XMPPFramework/XEP-0092
    - XMPPFramework/XEP-0100
    - XMPPFramework/XEP-0106
    - XMPPFramework/XEP-0115
    - XMPPFramework/XEP-0136
    - XMPPFramework/XEP-0153
    - XMPPFramework/XEP-0172
    - XMPPFramework/XEP-0184
    - XMPPFramework/XEP-0191
    - XMPPFramework/XEP-0198
    - XMPPFramework/XEP-0199
    - XMPPFramework/XEP-0202
    - XMPPFramework/XEP-0203
    - XMPPFramework/XEP-0223
    - XMPPFramework/XEP-0224
    - XMPPFramework/XEP-0280
    - XMPPFramework/XEP-0297
    - XMPPFramework/XEP-0308
    - XMPPFramework/XEP-0333
    - XMPPFramework/XEP-0335
  - XMPPFramework/Authentication (3.6.4):
    - XMPPFramework/Core
  - XMPPFramework/BandwidthMonitor (3.6.4):
    - XMPPFramework/Core
  - XMPPFramework/Categories (3.6.4):
    - XMPPFramework/Core
  - XMPPFramework/Core (3.6.4):
    - CocoaAsyncSocket (~> 7.4)
    - CocoaLumberjack (~> 1.9)
    - XMPPFramework/KissXML
  - XMPPFramework/CoreDataStorage (3.6.4):
    - XMPPFramework/Core
  - XMPPFramework/GoogleSharedStatus (3.6.4):
    - XMPPFramework/Core
  - XMPPFramework/KissXML (3.6.4)
  - XMPPFramework/ProcessOne (3.6.4):
    - XMPPFramework/Core
  - XMPPFramework/Reconnect (3.6.4):
    - XMPPFramework/Core
  - XMPPFramework/Roster (3.6.4):
    - XMPPFramework/Core
    - XMPPFramework/CoreDataStorage
    - XMPPFramework/XEP-0203
  - XMPPFramework/Utilities (3.6.4):
    - XMPPFramework/Core
  - XMPPFramework/XEP-0009 (3.6.4):
    - XMPPFramework/Core
  - XMPPFramework/XEP-0012 (3.6.4):
    - XMPPFramework/Core
  - XMPPFramework/XEP-0016 (3.6.4):
    - XMPPFramework/Core
  - XMPPFramework/XEP-0045 (3.6.4):
    - XMPPFramework/Core
    - XMPPFramework/CoreDataStorage
    - XMPPFramework/XEP-0203
  - XMPPFramework/XEP-0054 (3.6.4):
    - XMPPFramework/Core
    - XMPPFramework/Roster
  - XMPPFramework/XEP-0059 (3.6.4):
    - XMPPFramework/Core
  - XMPPFramework/XEP-0060 (3.6.4):
    - XMPPFramework/Core
  - XMPPFramework/XEP-0065 (3.6.4):
    - XMPPFramework/Core
  - XMPPFramework/XEP-0066 (3.6.4):
    - XMPPFramework/Core
  - XMPPFramework/XEP-0082 (3.6.4):
    - XMPPFramework/Core
  - XMPPFramework/XEP-0085 (3.6.4):
    - XMPPFramework/Core
  - XMPPFramework/XEP-0092 (3.6.4):
    - XMPPFramework/Core
  - XMPPFramework/XEP-0100 (3.6.4):
    - XMPPFramework/Core
  - XMPPFramework/XEP-0106 (3.6.4):
    - XMPPFramework/Core
  - XMPPFramework/XEP-0115 (3.6.4):
    - XMPPFramework/Core
    - XMPPFramework/CoreDataStorage
  - XMPPFramework/XEP-0136 (3.6.4):
    - XMPPFramework/Core
    - XMPPFramework/CoreDataStorage
    - XMPPFramework/XEP-0085
    - XMPPFramework/XEP-0203
  - XMPPFramework/XEP-0153 (3.6.4):
    - XMPPFramework/Core
    - XMPPFramework/XEP-0054
  - XMPPFramework/XEP-0172 (3.6.4):
    - XMPPFramework/Core
  - XMPPFramework/XEP-0184 (3.6.4):
    - XMPPFramework/Core
  - XMPPFramework/XEP-0191 (3.6.4):
    - XMPPFramework/Core
  - XMPPFramework/XEP-0198 (3.6.4):
    - XMPPFramework/Core
  - XMPPFramework/XEP-0199 (3.6.4):
    - XMPPFramework/Core
  - XMPPFramework/XEP-0202 (3.6.4):
    - XMPPFramework/Core
    - XMPPFramework/XEP-0082
  - XMPPFramework/XEP-0203 (3.6.4):
    - XMPPFramework/Core
    - XMPPFramework/XEP-0082
  - XMPPFramework/XEP-0223 (3.6.4):
    - XMPPFramework/Core
  - XMPPFramework/XEP-0224 (3.6.4):
    - XMPPFramework/Core
  - XMPPFramework/XEP-0280 (3.6.4):
    - XMPPFramework/Core
  - XMPPFramework/XEP-0297 (3.6.4):
    - XMPPFramework/Core
    - XMPPFramework/XEP-0203
  - XMPPFramework/XEP-0308 (3.6.4):
    - XMPPFramework/Core
  - XMPPFramework/XEP-0333 (3.6.4):
    - XMPPFramework/Core
  - XMPPFramework/XEP-0335 (3.6.4):
    - XMPPFramework/Core
  - YapDatabase/common (2.5.3):
    - CocoaLumberjack (~> 1)
  - YapDatabase/SQLCipher (2.5.3):
    - SQLCipher/fts
    - YapDatabase/common

DEPENDENCIES:
  - AFNetworking (~> 2.4)
  - Appirater (~> 2.0)
  - ARChromeActivity (~> 1.0)
  - BBlock (~> 1.2)
  - BButton (~> 4.0)
  - CocoaAsyncSocket (~> 7.4)
  - CocoaLumberjack (~> 1.9)
  - CPAProxy (from `Submodules/CPAProxy/CPAProxy.podspec`)
  - CRToast (from `https://github.com/cruffenach/CRToast`, commit `78569d0e6e6704872af5db1bc37be0ff9d112ac0`)
  - gtm-http-fetcher (from `Podspecs/gtm-http-fetcher.podspec.json`)
  - gtm-oauth2 (from `Podspecs/gtm-oauth2.podspec.json`)
  - HockeySDK (~> 3.6)
  - IOCipher/GCDWebServer (from `Submodules/IOCipher/IOCipher.podspec`)
  - JSQMessagesViewController (from `https://github.com/davidchiles/JSQMessagesViewController`,
    branch `send_button_location`)
  - JTSImageViewController (~> 1.4)
  - JTTargetActionBlock (~> 1.0)
  - JVFloatLabeledTextField (~> 1.0)
  - MagicalRecord (~> 2.2)
  - Mantle (~> 1.4)
  - MBProgressHUD (~> 0.9)
  - MWFeedParser (~> 1.0)
  - Navajo (~> 0.0)
  - OpenInChrome (~> 0.0)
  - OTRKit (from `Submodules/OTRKit/OTRKit.podspec`)
  - ProxyKit/Client (from `Submodules/ProxyKit/ProxyKit.podspec`)
  - PureLayout (~> 2.0)
  - RMStepsController (~> 1.0)
  - SIAlertView (from `https://github.com/ChatSecure/SIAlertView.git`, branch `attributedText`)
  - SSKeychain (~> 1.2)
  - TTTAttributedLabel (~> 1.10)
  - TUSafariActivity (~> 1.0)
  - UIAlertView-Blocks (~> 1.0)
  - uservoice-iphone-sdk (~> 3.2)
  - VTAcknowledgementsViewController (~> 0.12)
  - XMPPFramework (from `Submodules/XMPPFramework/XMPPFramework.podspec.json`)
  - YapDatabase/SQLCipher (from `Submodules/YapDatabase/YapDatabase.podspec`)

EXTERNAL SOURCES:
  CPAProxy:
    :path: Submodules/CPAProxy/CPAProxy.podspec
  CRToast:
    :commit: 78569d0e6e6704872af5db1bc37be0ff9d112ac0
    :git: https://github.com/cruffenach/CRToast
  gtm-http-fetcher:
    :podspec: Podspecs/gtm-http-fetcher.podspec.json
  gtm-oauth2:
    :podspec: Podspecs/gtm-oauth2.podspec.json
  IOCipher:
    :path: Submodules/IOCipher/IOCipher.podspec
  JSQMessagesViewController:
    :branch: send_button_location
    :git: https://github.com/davidchiles/JSQMessagesViewController
  OTRKit:
    :path: Submodules/OTRKit/OTRKit.podspec
  ProxyKit:
    :path: Submodules/ProxyKit/ProxyKit.podspec
  SIAlertView:
    :branch: attributedText
    :git: https://github.com/ChatSecure/SIAlertView.git
  XMPPFramework:
    :path: Submodules/XMPPFramework/XMPPFramework.podspec.json
  YapDatabase:
    :path: Submodules/YapDatabase/YapDatabase.podspec

CHECKOUT OPTIONS:
  CRToast:
    :commit: 78569d0e6e6704872af5db1bc37be0ff9d112ac0
    :git: https://github.com/cruffenach/CRToast
  JSQMessagesViewController:
    :commit: a327445a586306a7d1b21043f1e5bd3d9c964594
    :git: https://github.com/davidchiles/JSQMessagesViewController
  SIAlertView:
    :commit: e9a1a7d7d5a2a4ef5ff2e2e548644222b14edb27
    :git: https://github.com/ChatSecure/SIAlertView.git

SPEC CHECKSUMS:
  AFNetworking: 10e85a00bb0f475124e4ff2677bf15693b2c1523
  Appirater: 8783318c36414e8de3ea023443028df94c1b784b
  ARChromeActivity: 9064d94803338d3377f3e1013a8e8f4821d7daf1
  BBlock: 11c666b6898c074eceb40fa56a901b96415ebf68
  BButton: ab0f2ed3b998ae73c5188b57d270d81e4a1eeb27
  CocoaAsyncSocket: 7cbf214b27f8e7f7574db6a3fd96352ffaed433d
  CocoaLumberjack: 628fca2e88ef06f7cf6817309aa405f325d9a6fa
  CPAProxy: 2f0d2ef592b28e0686b5a100ad663bdd3e51900b
  CRToast: 99a28f4387def43b439ad88f957ce31357ff7373
  GCDWebServer: 5320220ad0d497da8e7beca1396f0c82d4f83730
  gtm-http-fetcher: 5072f07e523261f7a87df939d13c1be2340d8111
  gtm-oauth2: dfb3016b8347b73fa80042e5aed29ec4f36e46bc
  HockeySDK: 51ade1aff04463137e852797d2eb4dfb2511d6a9
  IOCipher: 2bcc56103fbdd9cd9139a5b030ebb97ed6fbc4b9
  JSQMessagesViewController: 9fd7e9ac96e9fc91f2deca86928e2cc916aeebaa
  JSQSystemSoundPlayer: c5850e77a4363ffd374cd851154b9af93264ed8d
  JTSImageViewController: 6a367b144e257db02cdfacdba78d684377d3777b
  JTTargetActionBlock: 6e9201e5fa88651deb354c91b7c9c6487a1abe55
  JVFloatLabeledTextField: 58a3a32cfb800e5b224f676987e7c13abf50a14d
  libsqlfs: 179e4fb40b8c07fd0ee7933ec4c0b9f4815cbd0e
  MagicalRecord: f8a56bb87ab6552f20c4bb8681a1958a197ea3cd
  Mantle: 60acd0cd363e27d945bda0a6b8e90577112d28f3
  MBProgressHUD: c47f2c166c126cf2ce36498d80f33e754d4e93ad
  MWFeedParser: 2cf646014c1baf6ad1b08c480b40a08180079247
  Navajo: 5fb68239b4e3af4610f31925bae1ca8e6bab8eaa
  OpenInChrome: f1f3f9dec682216fe78a0d7fe0b5b263d6312c32
  OTRKit: d7db6a96cc8fd9562008d3525e375b999be7e4f2
  ProxyKit: f7be31d07ed93444c433956d18e842ea9c709224
  PureLayout: a0fe75f1cf485801e7e00b723b8a3c32dca558e2
  RMStepsController: 195aa02c57ee5fea74483d0b9dcc30881ae7639d
  SIAlertView: 20c794b55eaf44d888773ea51647cf8907723919
  SQLCipher: c44fcca49c31483c2489cfb79aa7a69407f3794a
  SSKeychain: 88767e903ee8d274ed380e364d96b7a101235286
  TTTAttributedLabel: 6f3174aef8e738f44dff97c2eb7d8184f6ab6277
  TUSafariActivity: afc55a00965377939107ce4fdc7f951f62454546
  UIAlertView-Blocks: 7904744fca618afbd2ec646608924f5e69d5acd1
  uservoice-iphone-sdk: 349d9ef36d3c43939d28390b9e86bb32b65fe983
  VTAcknowledgementsViewController: f2391b007c3abafd3b3afccda7d8914a59b44309
  XMPPFramework: 239fe709baff208fff5970708469b939387105ee
  YapDatabase: 2e1ad4bb8f54cfa8ec3e0e2c1a558ed7670e7f61

COCOAPODS: 0.36.3
