PODS:
  - Appirater (2.0.2)
  - MagicalRecord (2.2):
    - MagicalRecord/Core
  - MagicalRecord/Core (2.2)

DEPENDENCIES:
  - Appirater
  - MagicalRecord

SPEC CHECKSUMS:
  Appirater: 32fb9089615b5e542c7ad7b5749741a8aed55290
  MagicalRecord: 95d49d74ef752cd52f6ad87bcb474817fc3978cf

COCOAPODS: 0.29.0
