PODS:
  - AFNetworking (2.4.1):
    - AFNetworking/NSURLConnection
    - AFNetworking/NSURLSession
    - AFNetworking/Reachability
    - AFNetworking/Security
    - AFNetworking/Serialization
    - AFNetworking/UIKit
  - AFNetworking/NSURLConnection (2.4.1):
    - AFNetworking/Reachability
    - AFNetworking/Security
    - AFNetworking/Serialization
  - AFNetworking/NSURLSession (2.4.1):
    - AFNetworking/Reachability
    - AFNetworking/Security
    - AFNetworking/Serialization
  - AFNetworking/Reachability (2.4.1)
  - AFNetworking/Security (2.4.1)
  - AFNetworking/Serialization (2.4.1)
  - AFNetworking/UIKit (2.4.1):
    - AFNetworking/NSURLConnection
    - AFNetworking/NSURLSession
  - AFOAuth2Client (0.1.2):
    - AFNetworking (~> 2.0)
  - Appirater (2.0.4)
  - BBlock (1.2.0):
    - BBlock/AppKit
    - BBlock/Foundation
    - BBlock/StoreKit
    - BBlock/UIKit
  - BBlock/Foundation (1.2.0)
  - BBlock/StoreKit (1.2.0)
  - BBlock/UIKit (1.2.0)
  - BButton (4.0.1)
  - Bolts (1.1.2)
  - CocoaAsyncSocket (7.4)
  - CocoaLumberjack (1.9.2):
    - CocoaLumberjack/Extensions
  - CocoaLumberjack/Core (1.9.2)
  - CocoaLumberjack/Extensions (1.9.2):
    - CocoaLumberjack/Core
  - DAKeyboardControl (2.4.0)
  - Facebook-iOS-SDK (3.18.2):
    - Bolts (~> 1.0)
  - gtm-oauth2 (0.1.0):
    - GTMHTTPFetcher
  - GTMHTTPFetcher (0.1.0)
  - HockeySDK (3.6.1)
  - HPGrowingTextView (1.1)
  - JSQMessagesViewController (5.3.2):
    - JSQSystemSoundPlayer
  - JSQSystemSoundPlayer (1.5.2)
  - JTTargetActionBlock (1.0.0)
  - JVFloatLabeledTextField (0.0.9)
  - MagicalRecord (2.2):
    - MagicalRecord/Core
  - MagicalRecord/Core (2.2)
  - Mantle (1.5):
    - Mantle/extobjc
  - Mantle/extobjc (1.5)
  - MBProgressHUD (0.9)
  - MWFeedParser (1.0.1):
    - MWFeedParser/FeedParser
    - MWFeedParser/NSDate+InternetDateTime
    - MWFeedParser/NSString+HTML
  - MWFeedParser/FeedParser (1.0.1):
    - MWFeedParser/NSDate+InternetDateTime
    - MWFeedParser/NSString+HTML
  - MWFeedParser/NSDate+InternetDateTime (1.0.1)
  - MWFeedParser/NSString+HTML (1.0.1)
  - Navajo (0.0.1)
  - OnionKit (1.0.0)
  - OpenInChrome (0.0.1)
  - OTRKit (1.0.0)
  - ProxyKit/Client (1.0.2):
    - ProxyKit/common
  - ProxyKit/common (1.0.2):
    - CocoaAsyncSocket (~> 7.3)
    - CocoaLumberjack (~> 1.9)
  - PureLayout (1.1.0)
  - RMStepsController (1.0.1)
  - SIAlertView (1.3)
  - SQLCipher/common (3.1.0)
  - SQLCipher/fts (3.1.0):
    - SQLCipher/common
  - SSKeychain (1.2.2)
  - TTTAttributedLabel (1.10.1)
  - UIAlertView-Blocks (1.0)
  - uservoice-iphone-sdk (3.1.0)
  - VTAcknowledgementsViewController (0.11)
  - YapDatabase/common (2.5.2):
    - CocoaLumberjack (~> 1)
  - YapDatabase/SQLCipher (2.5.2):
    - SQLCipher/fts
    - YapDatabase/common

DEPENDENCIES:
  - AFNetworking (~> 2.4)
  - AFOAuth2Client (from `git@github.com:ChatSecure/AFOAuth2Client.git`, branch `release`)
  - Appirater (~> 2.0)
  - BBlock (~> 1.2)
  - BButton (~> 4.0)
  - CocoaAsyncSocket (from `git@github.com:ChatSecure/CocoaAsyncSocket.git`, branch `7.4-compilefix`)
  - CocoaLumberjack (~> 1.9)
  - DAKeyboardControl (~> 2.4)
  - Facebook-iOS-SDK (~> 3.18)
  - gtm-oauth2 (~> 0.1.0)
  - HockeySDK (~> 3.5)
  - HPGrowingTextView (~> 1.1)
  - JSQMessagesViewController (~> 5.3)
  - JTTargetActionBlock (~> 1.0)
  - JVFloatLabeledTextField (~> 0.0)
  - MagicalRecord (~> 2.2)
  - Mantle (~> 1.4)
  - MBProgressHUD (~> 0.9)
  - MWFeedParser (~> 1.0)
  - Navajo (~> 0.0)
  - OnionKit (from `Submodules/OnionKit/OnionKit.podspec`)
  - OpenInChrome (~> 0.0)
  - OTRKit (from `Submodules/OTRKit/OTRKit.podspec`)
  - ProxyKit/Client (from `Submodules/ProxyKit/ProxyKit.podspec`)
  - PureLayout (~> 1.1)
  - RMStepsController (~> 1.0)
  - SIAlertView (from `git@github.com:ChatSecure/SIAlertView.git`, branch `attributedText`)
  - SSKeychain (~> 1.2)
  - TTTAttributedLabel (~> 1.10)
  - UIAlertView-Blocks (~> 1.0)
  - uservoice-iphone-sdk (from `git@github.com:ChatSecure/uservoice-iphone-sdk.git`, branch `3.1.0-noanalytics`)
  - VTAcknowledgementsViewController (~> 0.11)
  - YapDatabase/SQLCipher (~> 2.5)

EXTERNAL SOURCES:
  AFOAuth2Client:
    :branch: release
    :git: git@github.com:ChatSecure/AFOAuth2Client.git
  CocoaAsyncSocket:
    :branch: 7.4-compilefix
    :git: git@github.com:ChatSecure/CocoaAsyncSocket.git
  OnionKit:
    :path: Submodules/OnionKit/OnionKit.podspec
  OTRKit:
    :path: Submodules/OTRKit/OTRKit.podspec
  ProxyKit:
    :path: Submodules/ProxyKit/ProxyKit.podspec
  SIAlertView:
    :branch: attributedText
    :git: git@github.com:ChatSecure/SIAlertView.git
  uservoice-iphone-sdk:
    :branch: 3.1.0-noanalytics
    :git: git@github.com:ChatSecure/uservoice-iphone-sdk.git

SPEC CHECKSUMS:
  AFNetworking: 0aabc6fae66d6e5d039eeb21c315843c7aae51ab
  AFOAuth2Client: 5244ffdc28081e2ce4d4a0d0f1198ed54e24d787
  Appirater: cbdb7f305562cfde585300bfff86da01ae559deb
  BBlock: 90f0ae0e3ba94fc88be6b9a85b4adbb73b8a7c9a
  BButton: 396a5e59648e3f687b7d8201b88ebdbad6e36b59
  Bolts: 2635e8698a630774689441047f3465d78c48d485
  CocoaAsyncSocket: 05cf58994eda7b50e6ac1bd0266ef2db97d05d70
  CocoaLumberjack: 205769c032b5fef85b92472046bcc8b7e7c8a817
  DAKeyboardControl: 45a363c85c48a7df76f21f236d9f85800e001775
  Facebook-iOS-SDK: 1193bafaca986a31d37c3e6fa845b99d6eaadaf8
  gtm-oauth2: 64f2d404a50676ab63b5437a02a7567da8f8b7fa
  GTMHTTPFetcher: 0f02d5a5803dd08736462981064de6a7f59cf9bd
  HockeySDK: 15b24068466aa5ee421eed0cc1d58428d698edf6
  HPGrowingTextView: 07d5ab1f1e867acfb7a6f498b819948c9e97d07c
  JSQMessagesViewController: d36408f51a8289c0354b7d9c497f572e9f26db67
  JSQSystemSoundPlayer: c24914bc96ff5365b5d28b59d7ecffd60d1c5587
  JTTargetActionBlock: bef69054d368a91b33b98a520fa9e78e218a5a25
  JVFloatLabeledTextField: b6c7d824d231b3c01d14692feada878808480af8
  MagicalRecord: 2b471584fc9e3137f3d0a56967917baa4979e224
  Mantle: c67a7e45e14196ed42b2a7cbb98ff6a9920e6b92
  MBProgressHUD: 2038dbcf3dce73215abed6001657043d53aa79a8
  MWFeedParser: 003cbf5398e99a7f2057fbe9583054fd1b84be72
  Navajo: 9130d497903e5d1b0f1b3c987be01f5b60fd37c7
  OnionKit: 679881831ede86ceab124475322076d45e3708b6
  OpenInChrome: b7c73ddf8fe0a1788dc0549c3c4c70e3c84da578
  OTRKit: 8d35580ba78c4926320c40ba1906f353630d34e5
  ProxyKit: 3e73f2ad92327554549474ad10da21dde46d3ba8
  PureLayout: c8960fa0f3b40d849d5e177d699d0148faa63b63
  RMStepsController: 8ff91f169d884fdd834ad37007f553c7bed333eb
  SIAlertView: e6d0d786c3a3f6e456b0e8b9376d0c34d68e827b
  SQLCipher: 981110217eb93c2779c34fb59e646a1c1da918d8
  SSKeychain: cc48bd3ad24fcd9125adb9e0d23dd50b8bbd08b9
  TTTAttributedLabel: 94bb04f1e005616002dd2cee0262a0082e533627
  UIAlertView-Blocks: f3271e84372beb97aea115cd1fb26ae66457f12f
  uservoice-iphone-sdk: 696bd0f493facb0e16d7bb7720cfcf660e27aa78
  VTAcknowledgementsViewController: 6e71652adbe73c68f0a278a73ac9ca1e1fc00b90
  YapDatabase: 50f763e49374c38025e8255b4c468d26d81b1048

COCOAPODS: 0.34.1
