// !$*UTF8*$!
{
	archiveVersion = 1;
	classes = {
	};
	objectVersion = 46;
	objects = {

/* Begin PBXBuildFile section */
		4F2FCAC41267882800A74543 /* GTMHTTPFetcherUtilityTest.m in Sources */ = {isa = PBXBuildFile; fileRef = 4F2FCAC31267882800A74543 /* GTMHTTPFetcherUtilityTest.m */; };
		4F3471FB11DD58D700CB050E /* GTMGatherInputStream.m in Sources */ = {isa = PBXBuildFile; fileRef = 4F3471F211DD58D700CB050E /* GTMGatherInputStream.m */; };
		4F3471FC11DD58D700CB050E /* GTMHTTPFetcher.m in Sources */ = {isa = PBXBuildFile; fileRef = 4F3471F411DD58D700CB050E /* GTMHTTPFetcher.m */; };
		4F3471FD11DD58D700CB050E /* GTMHTTPFetcherLogging.m in Sources */ = {isa = PBXBuildFile; fileRef = 4F3471F611DD58D700CB050E /* GTMHTTPFetcherLogging.m */; };
		4F3471FE11DD58D700CB050E /* GTMHTTPUploadFetcher.m in Sources */ = {isa = PBXBuildFile; fileRef = 4F3471F811DD58D700CB050E /* GTMHTTPUploadFetcher.m */; };
		4F3471FF11DD58D700CB050E /* GTMMIMEDocument.m in Sources */ = {isa = PBXBuildFile; fileRef = 4F3471FA11DD58D700CB050E /* GTMMIMEDocument.m */; };
		4F74D93811E68BFB00F2D927 /* GTMHTTPFetcher.m in Sources */ = {isa = PBXBuildFile; fileRef = 4F3471F411DD58D700CB050E /* GTMHTTPFetcher.m */; };
		4F74D93A11E68BFB00F2D927 /* GTMHTTPFetcherLogging.m in Sources */ = {isa = PBXBuildFile; fileRef = 4F3471F611DD58D700CB050E /* GTMHTTPFetcherLogging.m */; };
		4F74D93C11E68BFB00F2D927 /* GTMHTTPUploadFetcher.m in Sources */ = {isa = PBXBuildFile; fileRef = 4F3471F811DD58D700CB050E /* GTMHTTPUploadFetcher.m */; };
		4F74D93E11E68BFB00F2D927 /* GTMGatherInputStream.m in Sources */ = {isa = PBXBuildFile; fileRef = 4F3471F211DD58D700CB050E /* GTMGatherInputStream.m */; };
		4F74D94011E68BFB00F2D927 /* GTMMIMEDocument.m in Sources */ = {isa = PBXBuildFile; fileRef = 4F3471FA11DD58D700CB050E /* GTMMIMEDocument.m */; };
		4F74D94A11E68C1500F2D927 /* GTMMIMEDocumentTest.m in Sources */ = {isa = PBXBuildFile; fileRef = 4F74D94911E68C1500F2D927 /* GTMMIMEDocumentTest.m */; };
		4F74D9FF11E6A18100F2D927 /* GTMHTTPFetcherTestServer.m in Sources */ = {isa = PBXBuildFile; fileRef = 4F74D9FE11E6A18100F2D927 /* GTMHTTPFetcherTestServer.m */; };
		4F74DA0411E6A19B00F2D927 /* GTMHTTPServer.m in Sources */ = {isa = PBXBuildFile; fileRef = 4F74DA0311E6A19B00F2D927 /* GTMHTTPServer.m */; };
		4F74DAF811E7C7C900F2D927 /* GTMHTTPFetcherFetchingTest.m in Sources */ = {isa = PBXBuildFile; fileRef = 4F74DAF711E7C7C900F2D927 /* GTMHTTPFetcherFetchingTest.m */; };
		4F74DAFC11E7C7CF00F2D927 /* GTMHTTPFetcherCachingTest.m in Sources */ = {isa = PBXBuildFile; fileRef = 4F74DAFB11E7C7CF00F2D927 /* GTMHTTPFetcherCachingTest.m */; };
		4F74DB4411E7CF4200F2D927 /* gettysburgaddress.txt in Resources */ = {isa = PBXBuildFile; fileRef = 4F74DB4311E7CF4200F2D927 /* gettysburgaddress.txt */; };
		4F8DB2BE13FC9AE30001DD6C /* GTMReadMonitorInputStream.m in Sources */ = {isa = PBXBuildFile; fileRef = 4F8DB2BD13FC9AE30001DD6C /* GTMReadMonitorInputStream.m */; };
		4F8DB2BF13FC9AE30001DD6C /* GTMReadMonitorInputStream.m in Sources */ = {isa = PBXBuildFile; fileRef = 4F8DB2BD13FC9AE30001DD6C /* GTMReadMonitorInputStream.m */; };
		4F8DB32213FC9CB70001DD6C /* GTMReadMonitorInputStreamTest.m in Sources */ = {isa = PBXBuildFile; fileRef = 4F8DB32113FC9CB70001DD6C /* GTMReadMonitorInputStreamTest.m */; };
		4F92DBC51379E9CB0071BAC1 /* GTMHTTPFetcherServiceTest.m in Sources */ = {isa = PBXBuildFile; fileRef = 4F92DBC41379E9CB0071BAC1 /* GTMHTTPFetcherServiceTest.m */; };
		4FCC71F711EBF5970097924C /* GTMGatherInputStreamTest.m in Sources */ = {isa = PBXBuildFile; fileRef = 4FCC71F611EBF5970097924C /* GTMGatherInputStreamTest.m */; };
		4FCC75E511EE6B1C0097924C /* GTMHTTPFetcherService.m in Sources */ = {isa = PBXBuildFile; fileRef = 4FCC75E411EE6B1C0097924C /* GTMHTTPFetcherService.m */; };
		4FCC75E611EE6B1C0097924C /* GTMHTTPFetcherService.m in Sources */ = {isa = PBXBuildFile; fileRef = 4FCC75E411EE6B1C0097924C /* GTMHTTPFetcherService.m */; };
		4FCC787A11EFA6030097924C /* GTMHTTPFetchHistory.m in Sources */ = {isa = PBXBuildFile; fileRef = 4FCC787911EFA6030097924C /* GTMHTTPFetchHistory.m */; };
		4FCC787B11EFA6030097924C /* GTMHTTPFetchHistory.m in Sources */ = {isa = PBXBuildFile; fileRef = 4FCC787911EFA6030097924C /* GTMHTTPFetchHistory.m */; };
/* End PBXBuildFile section */

/* Begin PBXFileReference section */
		4F2FCAC31267882800A74543 /* GTMHTTPFetcherUtilityTest.m */ = {isa = PBXFileReference; fileEncoding = 4; lastKnownFileType = sourcecode.c.objc; name = GTMHTTPFetcherUtilityTest.m; path = Tests/GTMHTTPFetcherUtilityTest.m; sourceTree = "<group>"; };
		4F3471F111DD58D700CB050E /* GTMGatherInputStream.h */ = {isa = PBXFileReference; fileEncoding = 4; lastKnownFileType = sourcecode.c.h; path = GTMGatherInputStream.h; sourceTree = "<group>"; };
		4F3471F211DD58D700CB050E /* GTMGatherInputStream.m */ = {isa = PBXFileReference; fileEncoding = 4; lastKnownFileType = sourcecode.c.objc; path = GTMGatherInputStream.m; sourceTree = "<group>"; };
		4F3471F311DD58D700CB050E /* GTMHTTPFetcher.h */ = {isa = PBXFileReference; fileEncoding = 4; lastKnownFileType = sourcecode.c.h; path = GTMHTTPFetcher.h; sourceTree = "<group>"; };
		4F3471F411DD58D700CB050E /* GTMHTTPFetcher.m */ = {isa = PBXFileReference; fileEncoding = 4; lastKnownFileType = sourcecode.c.objc; path = GTMHTTPFetcher.m; sourceTree = "<group>"; };
		4F3471F511DD58D700CB050E /* GTMHTTPFetcherLogging.h */ = {isa = PBXFileReference; fileEncoding = 4; lastKnownFileType = sourcecode.c.h; path = GTMHTTPFetcherLogging.h; sourceTree = "<group>"; };
		4F3471F611DD58D700CB050E /* GTMHTTPFetcherLogging.m */ = {isa = PBXFileReference; fileEncoding = 4; lastKnownFileType = sourcecode.c.objc; path = GTMHTTPFetcherLogging.m; sourceTree = "<group>"; };
		4F3471F711DD58D700CB050E /* GTMHTTPUploadFetcher.h */ = {isa = PBXFileReference; fileEncoding = 4; lastKnownFileType = sourcecode.c.h; path = GTMHTTPUploadFetcher.h; sourceTree = "<group>"; };
		4F3471F811DD58D700CB050E /* GTMHTTPUploadFetcher.m */ = {isa = PBXFileReference; fileEncoding = 4; lastKnownFileType = sourcecode.c.objc; path = GTMHTTPUploadFetcher.m; sourceTree = "<group>"; };
		4F3471F911DD58D700CB050E /* GTMMIMEDocument.h */ = {isa = PBXFileReference; fileEncoding = 4; lastKnownFileType = sourcecode.c.h; path = GTMMIMEDocument.h; sourceTree = "<group>"; };
		4F3471FA11DD58D700CB050E /* GTMMIMEDocument.m */ = {isa = PBXFileReference; fileEncoding = 4; lastKnownFileType = sourcecode.c.objc; path = GTMMIMEDocument.m; sourceTree = "<group>"; };
		4F74D92F11E68BD300F2D927 /* UnitTests.octest */ = {isa = PBXFileReference; explicitFileType = wrapper.cfbundle; includeInIndex = 0; path = UnitTests.octest; sourceTree = BUILT_PRODUCTS_DIR; };
		4F74D93011E68BD300F2D927 /* UnitTests-Info.plist */ = {isa = PBXFileReference; lastKnownFileType = text.plist.xml; path = "UnitTests-Info.plist"; sourceTree = "<group>"; };
		4F74D94911E68C1500F2D927 /* GTMMIMEDocumentTest.m */ = {isa = PBXFileReference; fileEncoding = 4; lastKnownFileType = sourcecode.c.objc; name = GTMMIMEDocumentTest.m; path = Tests/GTMMIMEDocumentTest.m; sourceTree = "<group>"; };
		4F74D9FE11E6A18100F2D927 /* GTMHTTPFetcherTestServer.m */ = {isa = PBXFileReference; fileEncoding = 4; lastKnownFileType = sourcecode.c.objc; name = GTMHTTPFetcherTestServer.m; path = Tests/GTMHTTPFetcherTestServer.m; sourceTree = "<group>"; };
		4F74DA0211E6A19B00F2D927 /* GTMHTTPServer.h */ = {isa = PBXFileReference; fileEncoding = 4; lastKnownFileType = sourcecode.c.h; name = GTMHTTPServer.h; path = Tests/GTMHTTPServer.h; sourceTree = "<group>"; };
		4F74DA0311E6A19B00F2D927 /* GTMHTTPServer.m */ = {isa = PBXFileReference; fileEncoding = 4; lastKnownFileType = sourcecode.c.objc; name = GTMHTTPServer.m; path = Tests/GTMHTTPServer.m; sourceTree = "<group>"; };
		4F74DAF711E7C7C900F2D927 /* GTMHTTPFetcherFetchingTest.m */ = {isa = PBXFileReference; fileEncoding = 4; lastKnownFileType = sourcecode.c.objc; name = GTMHTTPFetcherFetchingTest.m; path = Tests/GTMHTTPFetcherFetchingTest.m; sourceTree = "<group>"; };
		4F74DAFB11E7C7CF00F2D927 /* GTMHTTPFetcherCachingTest.m */ = {isa = PBXFileReference; fileEncoding = 4; lastKnownFileType = sourcecode.c.objc; name = GTMHTTPFetcherCachingTest.m; path = Tests/GTMHTTPFetcherCachingTest.m; sourceTree = "<group>"; };
		4F74DB4311E7CF4200F2D927 /* gettysburgaddress.txt */ = {isa = PBXFileReference; fileEncoding = 4; lastKnownFileType = text; name = gettysburgaddress.txt; path = Tests/Data/gettysburgaddress.txt; sourceTree = "<group>"; };
		4F8D22D81253E0960095BBF5 /* ReleaseNotes.txt */ = {isa = PBXFileReference; fileEncoding = 4; lastKnownFileType = text; path = ReleaseNotes.txt; sourceTree = "<group>"; };
		4F8DB2BD13FC9AE30001DD6C /* GTMReadMonitorInputStream.m */ = {isa = PBXFileReference; fileEncoding = 4; lastKnownFileType = sourcecode.c.objc; path = GTMReadMonitorInputStream.m; sourceTree = "<group>"; };
		4F8DB2C013FC9AE90001DD6C /* GTMReadMonitorInputStream.h */ = {isa = PBXFileReference; fileEncoding = 4; lastKnownFileType = sourcecode.c.h; path = GTMReadMonitorInputStream.h; sourceTree = "<group>"; };
		4F8DB32113FC9CB70001DD6C /* GTMReadMonitorInputStreamTest.m */ = {isa = PBXFileReference; fileEncoding = 4; lastKnownFileType = sourcecode.c.objc; name = GTMReadMonitorInputStreamTest.m; path = Tests/GTMReadMonitorInputStreamTest.m; sourceTree = SOURCE_ROOT; };
		4F92DBC41379E9CB0071BAC1 /* GTMHTTPFetcherServiceTest.m */ = {isa = PBXFileReference; fileEncoding = 4; lastKnownFileType = sourcecode.c.objc; name = GTMHTTPFetcherServiceTest.m; path = Tests/GTMHTTPFetcherServiceTest.m; sourceTree = "<group>"; };
		4FCC71F611EBF5970097924C /* GTMGatherInputStreamTest.m */ = {isa = PBXFileReference; fileEncoding = 4; lastKnownFileType = sourcecode.c.objc; name = GTMGatherInputStreamTest.m; path = Tests/GTMGatherInputStreamTest.m; sourceTree = "<group>"; };
		4FCC75E411EE6B1C0097924C /* GTMHTTPFetcherService.m */ = {isa = PBXFileReference; fileEncoding = 4; lastKnownFileType = sourcecode.c.objc; path = GTMHTTPFetcherService.m; sourceTree = "<group>"; };
		4FCC75E711EE6B230097924C /* GTMHTTPFetcherService.h */ = {isa = PBXFileReference; fileEncoding = 4; lastKnownFileType = sourcecode.c.h; path = GTMHTTPFetcherService.h; sourceTree = "<group>"; };
		4FCC787911EFA6030097924C /* GTMHTTPFetchHistory.m */ = {isa = PBXFileReference; fileEncoding = 4; lastKnownFileType = sourcecode.c.objc; path = GTMHTTPFetchHistory.m; sourceTree = "<group>"; };
		4FCC787C11EFA6090097924C /* GTMHTTPFetchHistory.h */ = {isa = PBXFileReference; fileEncoding = 4; lastKnownFileType = sourcecode.c.h; path = GTMHTTPFetchHistory.h; sourceTree = "<group>"; };
		D2AAC07E0554694100DB518D /* libGTMHTTPFetcher.a */ = {isa = PBXFileReference; explicitFileType = archive.ar; includeInIndex = 0; path = libGTMHTTPFetcher.a; sourceTree = BUILT_PRODUCTS_DIR; };
/* End PBXFileReference section */

/* Begin PBXFrameworksBuildPhase section */
		4F74D92C11E68BD300F2D927 /* Frameworks */ = {
			isa = PBXFrameworksBuildPhase;
			buildActionMask = 2147483647;
			files = (
			);
			runOnlyForDeploymentPostprocessing = 0;
		};
		D2AAC07C0554694100DB518D /* Frameworks */ = {
			isa = PBXFrameworksBuildPhase;
			buildActionMask = 2147483647;
			files = (
			);
			runOnlyForDeploymentPostprocessing = 0;
		};
/* End PBXFrameworksBuildPhase section */

/* Begin PBXGroup section */
		034768DFFF38A50411DB9C8B /* Products */ = {
			isa = PBXGroup;
			children = (
				D2AAC07E0554694100DB518D /* libGTMHTTPFetcher.a */,
				4F74D92F11E68BD300F2D927 /* UnitTests.octest */,
			);
			name = Products;
			sourceTree = "<group>";
		};
		0867D691FE84028FC02AAC07 /* OAuthTouchStaticLibrary */ = {
			isa = PBXGroup;
			children = (
				4F74D91D11E68AD600F2D927 /* Sources */,
				4F74D94711E68C0B00F2D927 /* Tests */,
				034768DFFF38A50411DB9C8B /* Products */,
				4F8D22D81253E0960095BBF5 /* ReleaseNotes.txt */,
				4F74D93011E68BD300F2D927 /* UnitTests-Info.plist */,
			);
			name = OAuthTouchStaticLibrary;
			sourceTree = "<group>";
		};
		4F74D91D11E68AD600F2D927 /* Sources */ = {
			isa = PBXGroup;
			children = (
				4F3471F311DD58D700CB050E /* GTMHTTPFetcher.h */,
				4F3471F411DD58D700CB050E /* GTMHTTPFetcher.m */,
				4FCC787C11EFA6090097924C /* GTMHTTPFetchHistory.h */,
				4FCC787911EFA6030097924C /* GTMHTTPFetchHistory.m */,
				4FCC75E711EE6B230097924C /* GTMHTTPFetcherService.h */,
				4FCC75E411EE6B1C0097924C /* GTMHTTPFetcherService.m */,
				4F3471F511DD58D700CB050E /* GTMHTTPFetcherLogging.h */,
				4F3471F611DD58D700CB050E /* GTMHTTPFetcherLogging.m */,
				4F3471F711DD58D700CB050E /* GTMHTTPUploadFetcher.h */,
				4F3471F811DD58D700CB050E /* GTMHTTPUploadFetcher.m */,
				4F3471F111DD58D700CB050E /* GTMGatherInputStream.h */,
				4F3471F211DD58D700CB050E /* GTMGatherInputStream.m */,
				4F3471F911DD58D700CB050E /* GTMMIMEDocument.h */,
				4F3471FA11DD58D700CB050E /* GTMMIMEDocument.m */,
				4F8DB2C013FC9AE90001DD6C /* GTMReadMonitorInputStream.h */,
				4F8DB2BD13FC9AE30001DD6C /* GTMReadMonitorInputStream.m */,
			);
			name = Sources;
			sourceTree = "<group>";
		};
		4F74D94711E68C0B00F2D927 /* Tests */ = {
			isa = PBXGroup;
			children = (
				4F74DAF711E7C7C900F2D927 /* GTMHTTPFetcherFetchingTest.m */,
				4F92DBC41379E9CB0071BAC1 /* GTMHTTPFetcherServiceTest.m */,
				4F74DAFB11E7C7CF00F2D927 /* GTMHTTPFetcherCachingTest.m */,
				4F2FCAC31267882800A74543 /* GTMHTTPFetcherUtilityTest.m */,
				4FCC71F611EBF5970097924C /* GTMGatherInputStreamTest.m */,
				4F74D94911E68C1500F2D927 /* GTMMIMEDocumentTest.m */,
				4F8DB32113FC9CB70001DD6C /* GTMReadMonitorInputStreamTest.m */,
				4FCC71A911EBEFBF0097924C /* Server */,
				4F74DB4111E7CF3500F2D927 /* Data */,
			);
			name = Tests;
			sourceTree = "<group>";
		};
		4F74DB4111E7CF3500F2D927 /* Data */ = {
			isa = PBXGroup;
			children = (
				4F74DB4311E7CF4200F2D927 /* gettysburgaddress.txt */,
			);
			name = Data;
			sourceTree = "<group>";
		};
		4FCC71A911EBEFBF0097924C /* Server */ = {
			isa = PBXGroup;
			children = (
				4F74DA0211E6A19B00F2D927 /* GTMHTTPServer.h */,
				4F74DA0311E6A19B00F2D927 /* GTMHTTPServer.m */,
				4F74D9FE11E6A18100F2D927 /* GTMHTTPFetcherTestServer.m */,
			);
			name = Server;
			sourceTree = "<group>";
		};
/* End PBXGroup section */

/* Begin PBXNativeTarget section */
		4F74D92E11E68BD300F2D927 /* UnitTests */ = {
			isa = PBXNativeTarget;
			buildConfigurationList = 4F74D93411E68BD300F2D927 /* Build configuration list for PBXNativeTarget "UnitTests" */;
			buildPhases = (
				4F74D92A11E68BD300F2D927 /* Resources */,
				4F74D92B11E68BD300F2D927 /* Sources */,
				4F74D92C11E68BD300F2D927 /* Frameworks */,
				4F74D92D11E68BD300F2D927 /* ShellScript */,
			);
			buildRules = (
			);
			dependencies = (
			);
			name = UnitTests;
			productName = UnitTests;
			productReference = 4F74D92F11E68BD300F2D927 /* UnitTests.octest */;
			productType = "com.apple.product-type.bundle";
		};
		D2AAC07D0554694100DB518D /* GTMHTTPFetcherLib */ = {
			isa = PBXNativeTarget;
			buildConfigurationList = 1DEB921E08733DC00010E9CD /* Build configuration list for PBXNativeTarget "GTMHTTPFetcherLib" */;
			buildPhases = (
				D2AAC07B0554694100DB518D /* Sources */,
				D2AAC07C0554694100DB518D /* Frameworks */,
			);
			buildRules = (
			);
			dependencies = (
			);
			name = GTMHTTPFetcherLib;
			productName = OAuthTouchStaticLibrary;
			productReference = D2AAC07E0554694100DB518D /* libGTMHTTPFetcher.a */;
			productType = "com.apple.product-type.library.static";
		};
/* End PBXNativeTarget section */

/* Begin PBXProject section */
		0867D690FE84028FC02AAC07 /* Project object */ = {
			isa = PBXProject;
			attributes = {
				LastUpgradeCheck = 0500;
			};
			buildConfigurationList = 1DEB922208733DC00010E9CD /* Build configuration list for PBXProject "GTMHTTPFetcher" */;
			compatibilityVersion = "Xcode 3.2";
			developmentRegion = English;
			hasScannedForEncodings = 1;
			knownRegions = (
				English,
				Japanese,
				French,
				German,
			);
			mainGroup = 0867D691FE84028FC02AAC07 /* OAuthTouchStaticLibrary */;
			productRefGroup = 034768DFFF38A50411DB9C8B /* Products */;
			projectDirPath = "";
			projectRoot = "";
			targets = (
				D2AAC07D0554694100DB518D /* GTMHTTPFetcherLib */,
				4F74D92E11E68BD300F2D927 /* UnitTests */,
			);
		};
/* End PBXProject section */

/* Begin PBXResourcesBuildPhase section */
		4F74D92A11E68BD300F2D927 /* Resources */ = {
			isa = PBXResourcesBuildPhase;
			buildActionMask = 2147483647;
			files = (
				4F74DB4411E7CF4200F2D927 /* gettysburgaddress.txt in Resources */,
			);
			runOnlyForDeploymentPostprocessing = 0;
		};
/* End PBXResourcesBuildPhase section */

/* Begin PBXShellScriptBuildPhase section */
		4F74D92D11E68BD300F2D927 /* ShellScript */ = {
			isa = PBXShellScriptBuildPhase;
			buildActionMask = 2147483647;
			files = (
			);
			inputPaths = (
			);
			outputPaths = (
			);
			runOnlyForDeploymentPostprocessing = 0;
			shellPath = /bin/sh;
			shellScript = "# Run the unit tests in this test bundle.\n\"${SYSTEM_DEVELOPER_DIR}/Tools/RunUnitTests\"\n";
		};
/* End PBXShellScriptBuildPhase section */

/* Begin PBXSourcesBuildPhase section */
		4F74D92B11E68BD300F2D927 /* Sources */ = {
			isa = PBXSourcesBuildPhase;
			buildActionMask = 2147483647;
			files = (
				4F74D93811E68BFB00F2D927 /* GTMHTTPFetcher.m in Sources */,
				4F74D93A11E68BFB00F2D927 /* GTMHTTPFetcherLogging.m in Sources */,
				4F74D93C11E68BFB00F2D927 /* GTMHTTPUploadFetcher.m in Sources */,
				4F74D93E11E68BFB00F2D927 /* GTMGatherInputStream.m in Sources */,
				4F74D94011E68BFB00F2D927 /* GTMMIMEDocument.m in Sources */,
				4F74D94A11E68C1500F2D927 /* GTMMIMEDocumentTest.m in Sources */,
				4F74D9FF11E6A18100F2D927 /* GTMHTTPFetcherTestServer.m in Sources */,
				4F74DA0411E6A19B00F2D927 /* GTMHTTPServer.m in Sources */,
				4F74DAF811E7C7C900F2D927 /* GTMHTTPFetcherFetchingTest.m in Sources */,
				4F74DAFC11E7C7CF00F2D927 /* GTMHTTPFetcherCachingTest.m in Sources */,
				4FCC71F711EBF5970097924C /* GTMGatherInputStreamTest.m in Sources */,
				4FCC75E511EE6B1C0097924C /* GTMHTTPFetcherService.m in Sources */,
				4FCC787A11EFA6030097924C /* GTMHTTPFetchHistory.m in Sources */,
				4F2FCAC41267882800A74543 /* GTMHTTPFetcherUtilityTest.m in Sources */,
				4F92DBC51379E9CB0071BAC1 /* GTMHTTPFetcherServiceTest.m in Sources */,
				4F8DB2BE13FC9AE30001DD6C /* GTMReadMonitorInputStream.m in Sources */,
				4F8DB32213FC9CB70001DD6C /* GTMReadMonitorInputStreamTest.m in Sources */,
			);
			runOnlyForDeploymentPostprocessing = 0;
		};
		D2AAC07B0554694100DB518D /* Sources */ = {
			isa = PBXSourcesBuildPhase;
			buildActionMask = 2147483647;
			files = (
				4F3471FB11DD58D700CB050E /* GTMGatherInputStream.m in Sources */,
				4F3471FC11DD58D700CB050E /* GTMHTTPFetcher.m in Sources */,
				4F3471FD11DD58D700CB050E /* GTMHTTPFetcherLogging.m in Sources */,
				4F3471FE11DD58D700CB050E /* GTMHTTPUploadFetcher.m in Sources */,
				4F3471FF11DD58D700CB050E /* GTMMIMEDocument.m in Sources */,
				4FCC75E611EE6B1C0097924C /* GTMHTTPFetcherService.m in Sources */,
				4FCC787B11EFA6030097924C /* GTMHTTPFetchHistory.m in Sources */,
				4F8DB2BF13FC9AE30001DD6C /* GTMReadMonitorInputStream.m in Sources */,
			);
			runOnlyForDeploymentPostprocessing = 0;
		};
/* End PBXSourcesBuildPhase section */

/* Begin XCBuildConfiguration section */
		1DEB921F08733DC00010E9CD /* Debug */ = {
			isa = XCBuildConfiguration;
			buildSettings = {
				ALWAYS_SEARCH_USER_PATHS = NO;
				"ARCHS[sdk=iphoneos*]" = (
					armv6,
					armv7,
				);
				COPY_PHASE_STRIP = NO;
				GCC_DYNAMIC_NO_PIC = NO;
				GCC_OPTIMIZATION_LEVEL = 0;
				GCC_PRECOMPILE_PREFIX_HEADER = YES;
				INSTALL_PATH = /usr/local/lib;
				PRODUCT_NAME = GTMHTTPFetcher;
				SDKROOT = iphoneos;
			};
			name = Debug;
		};
		1DEB922008733DC00010E9CD /* Release */ = {
			isa = XCBuildConfiguration;
			buildSettings = {
				ALWAYS_SEARCH_USER_PATHS = NO;
				"ARCHS[sdk=iphoneos*]" = (
					armv6,
					armv7,
				);
				GCC_MODEL_TUNING = G5;
				GCC_PRECOMPILE_PREFIX_HEADER = YES;
				INSTALL_PATH = /usr/local/lib;
				PRODUCT_NAME = GTMHTTPFetcher;
				SDKROOT = iphoneos;
			};
			name = Release;
		};
		1DEB922308733DC00010E9CD /* Debug */ = {
			isa = XCBuildConfiguration;
			buildSettings = {
				"ARCHS[sdk=iphoneos*]" = (
					armv6,
					armv7,
				);
				GCC_C_LANGUAGE_STANDARD = c99;
				GCC_OPTIMIZATION_LEVEL = 0;
				GCC_WARN_ABOUT_RETURN_TYPE = YES;
				GCC_WARN_UNUSED_VARIABLE = YES;
				ONLY_ACTIVE_ARCH = YES;
				OTHER_CFLAGS = "-DDEBUG=1";
				OTHER_LDFLAGS = "-ObjC";
				SDKROOT = macosx;
			};
			name = Debug;
		};
		1DEB922408733DC00010E9CD /* Release */ = {
			isa = XCBuildConfiguration;
			buildSettings = {
				"ARCHS[sdk=iphoneos*]" = (
					armv6,
					armv7,
				);
				GCC_C_LANGUAGE_STANDARD = c99;
				GCC_WARN_ABOUT_RETURN_TYPE = YES;
				GCC_WARN_UNUSED_VARIABLE = YES;
				OTHER_LDFLAGS = "-ObjC";
				SDKROOT = macosx;
			};
			name = Release;
		};
		4F74D93211E68BD300F2D927 /* Debug */ = {
			isa = XCBuildConfiguration;
			buildSettings = {
				ALWAYS_SEARCH_USER_PATHS = NO;
				COMBINE_HIDPI_IMAGES = YES;
				COPY_PHASE_STRIP = NO;
				FRAMEWORK_SEARCH_PATHS = "$(DEVELOPER_LIBRARY_DIR)/Frameworks";
				GCC_DYNAMIC_NO_PIC = NO;
				GCC_ENABLE_OBJC_EXCEPTIONS = YES;
				GCC_MODEL_TUNING = G5;
				GCC_OPTIMIZATION_LEVEL = 0;
				GCC_PRECOMPILE_PREFIX_HEADER = YES;
				GCC_PREFIX_HEADER = "$(SYSTEM_LIBRARY_DIR)/Frameworks/Cocoa.framework/Headers/Cocoa.h";
				INFOPLIST_FILE = "UnitTests-Info.plist";
				INSTALL_PATH = "$(USER_LIBRARY_DIR)/Bundles";
				OTHER_LDFLAGS = (
					"-framework",
					Cocoa,
					"-framework",
					SenTestingKit,
				);
				PRODUCT_NAME = UnitTests;
				RUN_CLANG_STATIC_ANALYZER = YES;
				WRAPPER_EXTENSION = octest;
			};
			name = Debug;
		};
		4F74D93311E68BD300F2D927 /* Release */ = {
			isa = XCBuildConfiguration;
			buildSettings = {
				ALWAYS_SEARCH_USER_PATHS = NO;
				COMBINE_HIDPI_IMAGES = YES;
				COPY_PHASE_STRIP = YES;
				DEBUG_INFORMATION_FORMAT = "dwarf-with-dsym";
				FRAMEWORK_SEARCH_PATHS = "$(DEVELOPER_LIBRARY_DIR)/Frameworks";
				GCC_ENABLE_OBJC_EXCEPTIONS = YES;
				GCC_MODEL_TUNING = G5;
				GCC_PRECOMPILE_PREFIX_HEADER = YES;
				GCC_PREFIX_HEADER = "$(SYSTEM_LIBRARY_DIR)/Frameworks/Cocoa.framework/Headers/Cocoa.h";
				INFOPLIST_FILE = "UnitTests-Info.plist";
				INSTALL_PATH = "$(USER_LIBRARY_DIR)/Bundles";
				OTHER_LDFLAGS = (
					"-framework",
					Cocoa,
					"-framework",
					SenTestingKit,
				);
				PRODUCT_NAME = UnitTests;
				RUN_CLANG_STATIC_ANALYZER = YES;
				WRAPPER_EXTENSION = octest;
			};
			name = Release;
		};
/* End XCBuildConfiguration section */

/* Begin XCConfigurationList section */
		1DEB921E08733DC00010E9CD /* Build configuration list for PBXNativeTarget "GTMHTTPFetcherLib" */ = {
			isa = XCConfigurationList;
			buildConfigurations = (
				1DEB921F08733DC00010E9CD /* Debug */,
				1DEB922008733DC00010E9CD /* Release */,
			);
			defaultConfigurationIsVisible = 0;
			defaultConfigurationName = Release;
		};
		1DEB922208733DC00010E9CD /* Build configuration list for PBXProject "GTMHTTPFetcher" */ = {
			isa = XCConfigurationList;
			buildConfigurations = (
				1DEB922308733DC00010E9CD /* Debug */,
				1DEB922408733DC00010E9CD /* Release */,
			);
			defaultConfigurationIsVisible = 0;
			defaultConfigurationName = Release;
		};
		4F74D93411E68BD300F2D927 /* Build configuration list for PBXNativeTarget "UnitTests" */ = {
			isa = XCConfigurationList;
			buildConfigurations = (
				4F74D93211E68BD300F2D927 /* Debug */,
				4F74D93311E68BD300F2D927 /* Release */,
			);
			defaultConfigurationIsVisible = 0;
			defaultConfigurationName = Release;
		};
/* End XCConfigurationList section */
	};
	rootObject = 0867D690FE84028FC02AAC07 /* Project object */;
}
